<?xml version="1.0" encoding="utf-8"?>
<Project ToolsVersion="4.0" xmlns="http://schemas.microsoft.com/developer/msbuild/2003">
  <ItemGroup>
    <Filter Include="Source Files">
      <UniqueIdentifier>{4FC737F1-C7A5-4376-A066-2A32D752A2FF}</UniqueIdentifier>
      <Extensions>cpp;c;cc;cxx;def;odl;idl;hpj;bat;asm;asmx</Extensions>
    </Filter>
    <Filter Include="Header Files">
      <UniqueIdentifier>{93995380-89BD-4b04-88EB-625FBE52EBFB}</UniqueIdentifier>
      <Extensions>h;hh;hpp;hxx;hm;inl;inc;xsd</Extensions>
    </Filter>
    <Filter Include="Resource Files">
      <UniqueIdentifier>{67DA6AB6-F800-4c08-8B7A-83BB121AAD01}</UniqueIdentifier>
      <Extensions>rc;ico;cur;bmp;dlg;rc2;rct;bin;rgs;gif;jpg;jpeg;jpe;resx;tiff;tif;png;wav</Extensions>
    </Filter>
  </ItemGroup>
  <ItemGroup>
    <ClCompile Include="mathgrapher\BulkUtilities.cpp">
      <Filter>Source Files</Filter>
    </ClCompile>
    <ClCompile Include="mathgrapher\DisplayObjectsFolder\DisplayObjects.cpp">
      <Filter>Source Files</Filter>
    </ClCompile>
    <ClCompile Include="mathgrapher\DisplayObjectsFolder\Function.cpp">
      <Filter>Source Files</Filter>
    </ClCompile>
    <ClCompile Include="mathgrapher\DisplayObjectsFolder\Graph.cpp">
      <Filter>Source Files</Filter>
    </ClCompile>
    <ClCompile Include="mathgrapher\DisplayObjectsFolder\RawImage.cpp">
      <Filter>Source Files</Filter>
    </ClCompile>
    <ClCompile Include="mathgrapher\DisplayObjectsFolder\RawText.cpp">
      <Filter>Source Files</Filter>
    </ClCompile>
    <ClCompile Include="mathgrapher\DisplayObjectsFolder\Slider.cpp">
      <Filter>Source Files</Filter>
    </ClCompile>
    <ClCompile Include="mathgrapher\DisplayObjectsFolder\Arrow.cpp">
      <Filter>Source Files</Filter>
    </ClCompile>
    <ClCompile Include="mathgrapher\DisplayObjectsFolder\InterpolationFolder\Interpolation.cpp">
      <Filter>Source Files</Filter>
    </ClCompile>
    <ClCompile Include="mathgrapher\DisplayObjectsFolder\InterpolationFolder\MoveInterpol.cpp">
      <Filter>Source Files</Filter>
    </ClCompile>
    <ClCompile Include="mathgrapher\DisplayObjectsFolder\InterpolationFolder\HighlightInterpol.cpp">
      <Filter>Source Files</Filter>
    </ClCompile>
    <ClCompile Include="mathgrapher\DisplayObjectsFolder\InterpolationFolder\MoveOriginInterpol.cpp">
     <Filter>Source Files</Filter>
    </ClCompile>
    <ClCompile Include="mathgrapher\DisplayObjectsFolder\InterpolationFolder\RotateInterpol.cpp">
      <Filter>Source Files</Filter>
    </ClCompile>
    <ClCompile Include="mathgrapher\DisplayObjectsFolder\InterpolationFolder\ScaleInterpol.cpp">
      <Filter>Source Files</Filter>
    </ClCompile>
    <ClCompile Include="mathgrapher\DisplayObjectsFolder\InterpolationFolder\ScaleTextInterpol.cpp">
      <Filter>Source Files</Filter>
    </ClCompile>
    <ClCompile Include="mathgrapher\DisplayObjectsFolder\InterpolationFolder\ResizeInterpol.cpp">
      <Filter>Source Files</Filter>
    </ClCompile>
    <ClCompile Include="mathgrapher\DisplayObjectsFolder\InterpolationFolder\RescaleGridInterpol.cpp">
      <Filter>Source Files</Filter>
    </ClCompile>
    <ClCompile Include="mathgrapher\DisplayObjectsFolder\InterpolationFolder\RunFunctionInterpol.cpp">
      <Filter>Source Files</Filter>
    </ClCompile>
    <ClCompile Include="mathgrapher\DisplayObjectsFolder\InterpolationFolder\StretchFunctionInterpol.cpp">
      <Filter>Source Files</Filter>
    </ClCompile>
    <ClCompile Include="mathgrapher\DisplayObjectsFolder\InterpolationFolder\FixInterpol.cpp">
      <Filter>Source Files</Filter>
    </ClCompile>
    <ClCompile Include="mathgrapher\DisplayObjectsFolder\InterpolationFolder\RescaleHeadInterpol.cpp">
      <Filter>Source Files</Filter>
    </ClCompile>
    <ClCompile Include="mathgrapher\DisplayObjectsFolder\InterpolationFolder\AppearInterpol.cpp">
      <Filter>Source Files</Filter>
    </ClCompile>
    <ClCompile Include="mathgrapher\DisplayObjectsFolder\InterpolationFolder\DisappearInterpol.cpp">
      <Filter>Source Files</Filter>
    </ClCompile>
    <ClCompile Include="mathgrapher\DisplayObjectsFolder\InterpolationWrapper.cpp">
      <Filter>Source Files</Filter>
    </ClCompile>
    <ClCompile Include="mathgrapher\DisplayWrapper.cpp">
      <Filter>Source Files</Filter>
    </ClCompile>
    <ClCompile Include="mathgrapher\Functions.cpp">
      <Filter>Source Files</Filter>
    </ClCompile>
    <ClCompile Include="mathgrapher\main.cpp">
      <Filter>Source Files</Filter>
    </ClCompile>
    <ClCompile Include="mathgrapher\Popups\MajorPopups\Edit\EditGraphPopup.cpp">
      <Filter>Source Files</Filter>
    </ClCompile>
    <ClCompile Include="mathgrapher\Popups\MajorPopups\Edit\EditImagePopup.cpp">
      <Filter>Source Files</Filter>
    </ClCompile>
    <ClCompile Include="mathgrapher\Popups\MajorPopups\Edit\EditSliderPopup.cpp">
      <Filter>Source Files</Filter>
    </ClCompile>
    <ClCompile Include="mathgrapher\Popups\MajorPopups\Edit\EditTextPopup.cpp">
      <Filter>Source Files</Filter>
    </ClCompile>
    <ClCompile Include="mathgrapher\Popups\MajorPopups\Edit\EditArrowPopup.cpp">
      <Filter>Source Files</Filter>
    </ClCompile>
    <ClCompile Include="mathgrapher\Popups\MajorPopups\MainDisplay.cpp">
      <Filter>Source Files</Filter>
    </ClCompile>
    <ClCompile Include="mathgrapher\Popups\MajorPopups\EditPopup.cpp">
      <Filter>Source Files</Filter>
    </ClCompile>
    <ClCompile Include="mathgrapher\Popups\MajorPopups\MajorPopup.cpp">
      <Filter>Source Files</Filter>
    </ClCompile>
    <ClCompile Include="mathgrapher\Popups\MajorPopups\SaverPopup.cpp">
      <Filter>Source Files</Filter>
    </ClCompile>
    <ClCompile Include="mathgrapher\Popups\MajorPopups\Savers\SaveFilePopup.cpp">
      <Filter>Source Files</Filter>
    </ClCompile>
    <ClCompile Include="mathgrapher\Popups\MajorPopups\Savers\SaveVideoPopup.cpp">
      <Filter>Source Files</Filter>
    </ClCompile>
    <ClCompile Include="mathgrapher\Popups\Popup.cpp">
      <Filter>Source Files</Filter>
    </ClCompile>
    <ClCompile Include="mathgrapher\Popups\QuickCloserPopups\CreateOrEdit\CreatePointOfInterest.cpp">
      <Filter>Source Files</Filter>
    </ClCompile>
    <ClCompile Include="mathgrapher\Popups\QuickCloserPopups\CreateOrEdit\CreateSimpleInterpolation.cpp">
      <Filter>Source Files</Filter>
    </ClCompile>
    <ClCompile Include="mathgrapher\Popups\QuickCloserPopups\CreateOrEdit\EditFunctionPopup.cpp">
      <Filter>Source Files</Filter>
    </ClCompile>
    <ClCompile Include="mathgrapher\Popups\QuickCloserPopups\QuickCloserPopup.cpp">
      <Filter>Source Files</Filter>
    </ClCompile>
    <ClCompile Include="mathgrapher\Popups\QuickCloserPopups\Select\AddObjectPopup.cpp">
      <Filter>Source Files</Filter>
    </ClCompile>
    <ClCompile Include="mathgrapher\Popups\QuickCloserPopups\Select\ChooseFunctionInterpolation.cpp">
      <Filter>Source Files</Filter>
    </ClCompile>
    <ClCompile Include="mathgrapher\Popups\QuickCloserPopups\Select\ChooseFunctionPopup.cpp">
      <Filter>Source Files</Filter>
    </ClCompile>
    <ClCompile Include="mathgrapher\Popups\QuickCloserPopups\Select\ChooseInterpolationPopup.cpp">
      <Filter>Source Files</Filter>
    </ClCompile>
    <ClCompile Include="mathgrapher\Popups\QuickCloserPopups\Select\ChoosePointConcernedForLinkingPopup.cpp">
      <Filter>Source Files</Filter>
    </ClCompile>
    <ClCompile Include="mathgrapher\Popups\QuickCloserPopups\Select\ChooseWhichImagePopup.cpp">
      <Filter>Source Files</Filter>
    </ClCompile>
    <ClCompile Include="mathgrapher\Popups\QuickCloserPopups\Select\LoadFilePopup.cpp">
      <Filter>Source Files</Filter>
    </ClCompile>
    <ClCompile Include="mathgrapher\PopupWrapper.cpp">
      <Filter>Source Files</Filter>
    </ClCompile>
    <ClCompile Include="mathgrapher\RenderingUtilities.cpp">
      <Filter>Source Files</Filter>
    </ClCompile>
    <ClCompile Include="mathgrapher\BulkUtilities.cpp">
      <Filter>Source Files</Filter>
    </ClCompile>
    <ClCompile Include="MathGrapher\DisplayObjectsFolder\Arrow.cpp">
      <Filter>Source Files</Filter>
    </ClCompile>
  </ItemGroup>
  <ItemGroup>
    <ClCompile Include="mathgrapher\BulkUtilities.hpp">
      <Filter>Header Files</Filter>
    </ClCompile>
    <ClCompile Include="mathgrapher\DisplayObjectsFolder\DisplayObjects.hpp">
      <Filter>Header Files</Filter>
    </ClCompile>
    <ClCompile Include="mathgrapher\DisplayObjectsFolder\Function.hpp">
      <Filter>Header Files</Filter>
    </ClCompile>
    <ClCompile Include="mathgrapher\DisplayObjectsFolder\Graph.hpp">
      <Filter>Header Files</Filter>
    </ClCompile>
    <ClCompile Include="mathgrapher\DisplayObjectsFolder\RawImage.hpp">
      <Filter>Header Files</Filter>
    </ClCompile>
    <ClCompile Include="mathgrapher\DisplayObjectsFolder\RawText.hpp">
      <Filter>Header Files</Filter>
    </ClCompile>
    <ClCompile Include="mathgrapher\DisplayObjectsFolder\Slider.hpp">
      <Filter>Header Files</Filter>
    </ClCompile>
    <ClCompile Include="mathgrapher\DisplayObjectsFolder\InterpolationFolder\Interpolation.hpp">
      <Filter>Header Files</Filter>
    </ClCompile>
    <ClCompile Include="mathgrapher\DisplayObjectsFolder\InterpolationFolder\MoveInterpol.hpp">
      <Filter>Header Files</Filter>
    </ClCompile>
    <ClCompile Include="mathgrapher\DisplayObjectsFolder\InterpolationFolder\HighlightInterpol.hpp">
      <Filter>Header Files</Filter>
    </ClCompile>
    <ClCompile Include="mathgrapher\DisplayObjectsFolder\InterpolationFolder\MoveOriginInterpol.hpp">
     <Filter>Header Files</Filter>
    </ClCompile>
    <ClCompile Include="mathgrapher\DisplayObjectsFolder\InterpolationFolder\RotateInterpol.hpp">
      <Filter>Header Files</Filter>
    </ClCompile>
    <ClCompile Include="mathgrapher\DisplayObjectsFolder\InterpolationFolder\ScaleInterpol.hpp">
      <Filter>Header Files</Filter>
    </ClCompile>
    <ClCompile Include="mathgrapher\DisplayObjectsFolder\InterpolationFolder\ScaleTextInterpol.hpp">
      <Filter>Header Files</Filter>
    </ClCompile>
    <ClCompile Include="mathgrapher\DisplayObjectsFolder\InterpolationFolder\ResizeInterpol.hpp">
      <Filter>Header Files</Filter>
    </ClCompile>
    <ClCompile Include="mathgrapher\DisplayObjectsFolder\InterpolationFolder\RescaleGridInterpol.hpp">
      <Filter>Header Files</Filter>
    </ClCompile>
    <ClCompile Include="mathgrapher\DisplayObjectsFolder\InterpolationFolder\RunFunctionInterpol.hpp">
      <Filter>Header Files</Filter>
    </ClCompile>
    <ClCompile Include="mathgrapher\DisplayObjectsFolder\InterpolationFolder\StretchFunctionInterpol.hpp">
      <Filter>Header Files</Filter>
    </ClCompile>
    <ClCompile Include="mathgrapher\DisplayObjectsFolder\InterpolationFolder\FixInterpol.hpp">
      <Filter>Header Files</Filter>
    </ClCompile>
    <ClCompile Include="mathgrapher\DisplayObjectsFolder\InterpolationFolder\RescaleHeadInterpol.hpp">
      <Filter>Header Files</Filter>
    </ClCompile>
    <ClCompile Include="mathgrapher\DisplayObjectsFolder\InterpolationFolder\AppearInterpol.hpp">
      <Filter>Header Files</Filter>
    </ClCompile>
    <ClCompile Include="mathgrapher\DisplayObjectsFolder\InterpolationFolder\DisappearInterpol.hpp">
      <Filter>Header Files</Filter>
    </ClCompile>
    <ClCompile Include="mathgrapher\DisplayObjectsFolder\InterpolationWrapper.hpp">
      <Filter>Header Files</Filter>
    </ClCompile>
    <ClCompile Include="mathgrapher\DisplayWrapper.hpp">
      <Filter>Header Files</Filter>
    </ClCompile>
    <ClCompile Include="mathgrapher\Functions.hpp">
      <Filter>Header Files</Filter>
    </ClCompile>
    <ClCompile Include="mathgrapher\Popups\MajorPopups\Edit\EditGraphPopup.hpp">
      <Filter>Header Files</Filter>
    </ClCompile>
    <ClCompile Include="mathgrapher\Popups\MajorPopups\Edit\EditImagePopup.hpp">
      <Filter>Header Files</Filter>
    </ClCompile>
    <ClCompile Include="mathgrapher\Popups\MajorPopups\Edit\EditSliderPopup.hpp">
      <Filter>Header Files</Filter>
    </ClCompile>
    <ClCompile Include="mathgrapher\Popups\MajorPopups\Edit\EditTextPopup.hpp">
      <Filter>Header Files</Filter>
    </ClCompile>
    <ClCompile Include="mathgrapher\Popups\MajorPopups\Edit\EditArrowPopup.hpp">
      <Filter>Header Files</Filter>
    </ClCompile>
    <ClCompile Include="mathgrapher\Popups\MajorPopups\MainDisplay.hpp">
      <Filter>Header Files</Filter>
    </ClCompile>
    <ClCompile Include="mathgrapher\Popups\MajorPopups\MajorPopup.hpp">
      <Filter>Header Files</Filter>
    </ClCompile>
    <ClCompile Include="mathgrapher\Popups\MajorPopups\EditPopup.hpp">
      <Filter>Header Files</Filter>
    </ClCompile>
    <ClCompile Include="mathgrapher\Popups\MajorPopups\SaverPopup.hpp">
      <Filter>Header Files</Filter>
    </ClCompile>
    <ClCompile Include="mathgrapher\Popups\MajorPopups\Savers\SaveFilePopup.hpp">
      <Filter>Header Files</Filter>
    </ClCompile>
    <ClCompile Include="mathgrapher\Popups\MajorPopups\Savers\SaveVideoPopup.hpp">
      <Filter>Header Files</Filter>
    </ClCompile>
    <ClCompile Include="mathgrapher\Popups\Popup.hpp">
      <Filter>Header Files</Filter>
    </ClCompile>
    <ClCompile Include="mathgrapher\Popups\QuickCloserPopups\CreateOrEdit\CreatePointOfInterest.hpp">
      <Filter>Header Files</Filter>
    </ClCompile>
    <ClCompile Include="mathgrapher\Popups\QuickCloserPopups\CreateOrEdit\CreateSimpleInterpolation.hpp">
      <Filter>Header Files</Filter>
    </ClCompile>
    <ClCompile Include="mathgrapher\Popups\QuickCloserPopups\CreateOrEdit\EditFunctionPopup.hpp">
      <Filter>Header Files</Filter>
    </ClCompile>
    <ClCompile Include="mathgrapher\Popups\QuickCloserPopups\QuickCloserPopup.hpp">
      <Filter>Header Files</Filter>
    </ClCompile>
    <ClCompile Include="mathgrapher\Popups\QuickCloserPopups\Select\AddObjectPopup.hpp">
      <Filter>Header Files</Filter>
    </ClCompile>
    <ClCompile Include="mathgrapher\Popups\QuickCloserPopups\Select\ChooseFunctionInterpolation.hpp">
      <Filter>Header Files</Filter>
    </ClCompile>
    <ClCompile Include="mathgrapher\Popups\QuickCloserPopups\Select\ChooseFunctionPopup.hpp">
      <Filter>Header Files</Filter>
    </ClCompile>
    <ClCompile Include="mathgrapher\Popups\QuickCloserPopups\Select\ChooseInterpolationPopup.hpp">
      <Filter>Header Files</Filter>
    </ClCompile>
    <ClCompile Include="mathgrapher\Popups\QuickCloserPopups\Select\ChoosePointConcernedForLinkingPopup.hpp">
      <Filter>Header Files</Filter>
    </ClCompile>
    <ClCompile Include="mathgrapher\Popups\QuickCloserPopups\Select\ChooseWhichImagePopup.hpp">
      <Filter>Header Files</Filter>
    </ClCompile>
    <ClCompile Include="mathgrapher\Popups\QuickCloserPopups\Select\LoadFilePopup.hpp">
      <Filter>Header Files</Filter>
    </ClCompile>
    <ClCompile Include="mathgrapher\PopupWrapper.hpp">
      <Filter>Header Files</Filter>
    </ClCompile>
    <ClCompile Include="mathgrapher\RenderingUtilities.hpp">
      <Filter>Header Files</Filter>
    </ClCompile>
    <ClInclude Include="MathGrapher\DisplayObjectsFolder\Arrow.hpp">
      <Filter>Header Files</Filter>
    </ClInclude>
  </ItemGroup>
</Project>
