<?xml version="1.0" encoding="utf-8"?>
<Project ToolsVersion="4.0" xmlns="http://schemas.microsoft.com/developer/msbuild/2003">
  <ItemGroup>
    <Filter Include="Source Files">
      <UniqueIdentifier>{4FC737F1-C7A5-4376-A066-2A32D752A2FF}</UniqueIdentifier>
      <Extensions>cpp;c;cc;cxx;def;odl;idl;hpj;bat;asm;asmx</Extensions>
    </Filter>
    <Filter Include="Header Files">
      <UniqueIdentifier>{93995380-89BD-4b04-88EB-625FBE52EBFB}</UniqueIdentifier>
      <Extensions>h;hh;hpp;hxx;hm;inl;inc;xsd</Extensions>
    </Filter>
    <Filter Include="Resource Files">
      <UniqueIdentifier>{67DA6AB6-F800-4c08-8B7A-83BB121AAD01}</UniqueIdentifier>
      <Extensions>rc;ico;cur;bmp;dlg;rc2;rct;bin;rgs;gif;jpg;jpeg;jpe;resx;tiff;tif;png;wav</Extensions>
    </Filter>
  </ItemGroup>
  <ItemGroup>
    <ClCompile Include="mathgrapher\BulkUtilities.cpp">
      <Filter>Source Files</Filter>
    </ClCompile>
    <ClCompile Include="mathgrapher\BulkUtilities.hpp">
      <Filter>Source Files</Filter>
    </ClCompile>
    <ClCompile Include="mathgrapher\DisplayObjects\DisplayObjects.cpp">
      <Filter>Source Files</Filter>
    </ClCompile>
    <ClCompile Include="mathgrapher\DisplayObjects\DisplayObjects.hpp">
      <Filter>Source Files</Filter>
    </ClCompile>
    <ClCompile Include="mathgrapher\DisplayObjects\Function.cpp">
      <Filter>Source Files</Filter>
    </ClCompile>
    <ClCompile Include="mathgrapher\DisplayObjects\Function.hpp">
      <Filter>Source Files</Filter>
    </ClCompile>
    <ClCompile Include="mathgrapher\DisplayObjects\Graph.cpp">
      <Filter>Source Files</Filter>
    </ClCompile>
    <ClCompile Include="mathgrapher\DisplayObjects\Graph.hpp">
      <Filter>Source Files</Filter>
    </ClCompile>
    <ClCompile Include="mathgrapher\DisplayObjects\Interpolation.cpp">
      <Filter>Source Files</Filter>
    </ClCompile>
    <ClCompile Include="mathgrapher\DisplayObjects\Interpolation.hpp">
      <Filter>Source Files</Filter>
    </ClCompile>
    <ClCompile Include="mathgrapher\DisplayObjects\RawImage.cpp">
      <Filter>Source Files</Filter>
    </ClCompile>
    <ClCompile Include="mathgrapher\DisplayObjects\RawImage.hpp">
      <Filter>Source Files</Filter>
    </ClCompile>
    <ClCompile Include="mathgrapher\DisplayObjects\RawText.cpp">
      <Filter>Source Files</Filter>
    </ClCompile>
    <ClCompile Include="mathgrapher\DisplayObjects\RawText.hpp">
      <Filter>Source Files</Filter>
    </ClCompile>
    <ClCompile Include="mathgrapher\DisplayObjects\Slider.cpp">
      <Filter>Source Files</Filter>
    </ClCompile>
    <ClCompile Include="mathgrapher\DisplayObjects\Slider.hpp">
      <Filter>Source Files</Filter>
    </ClCompile>
    <ClCompile Include="mathgrapher\DisplayWrapper.cpp">
      <Filter>Source Files</Filter>
    </ClCompile>
    <ClCompile Include="mathgrapher\DisplayWrapper.hpp">
      <Filter>Source Files</Filter>
    </ClCompile>
    <ClCompile Include="mathgrapher\Functions.cpp">
      <Filter>Source Files</Filter>
    </ClCompile>
    <ClCompile Include="mathgrapher\Functions.hpp">
      <Filter>Source Files</Filter>
    </ClCompile>
    <ClCompile Include="mathgrapher\main.cpp">
      <Filter>Source Files</Filter>
    </ClCompile>
    <ClCompile Include="mathgrapher\Popups\MajorPopups\Edit\EditGraphPopup.cpp">
      <Filter>Source Files</Filter>
    </ClCompile>
    <ClCompile Include="mathgrapher\Popups\MajorPopups\Edit\EditGraphPopup.hpp">
      <Filter>Source Files</Filter>
    </ClCompile>
    <ClCompile Include="mathgrapher\Popups\MajorPopups\Edit\EditImagePopup.cpp">
      <Filter>Source Files</Filter>
    </ClCompile>
    <ClCompile Include="mathgrapher\Popups\MajorPopups\Edit\EditImagePopup.hpp">
      <Filter>Source Files</Filter>
    </ClCompile>
    <ClCompile Include="mathgrapher\Popups\MajorPopups\Edit\EditSliderPopup.cpp">
      <Filter>Source Files</Filter>
    </ClCompile>
    <ClCompile Include="mathgrapher\Popups\MajorPopups\Edit\EditSliderPopup.hpp">
      <Filter>Source Files</Filter>
    </ClCompile>
    <ClCompile Include="mathgrapher\Popups\MajorPopups\Edit\EditTextPopup.cpp">
      <Filter>Source Files</Filter>
    </ClCompile>
    <ClCompile Include="mathgrapher\Popups\MajorPopups\Edit\EditTextPopup.hpp">
      <Filter>Source Files</Filter>
    </ClCompile>
    <ClCompile Include="mathgrapher\Popups\MajorPopups\MainDisplay.cpp">
      <Filter>Source Files</Filter>
    </ClCompile>
    <ClCompile Include="mathgrapher\Popups\MajorPopups\MainDisplay.hpp">
      <Filter>Source Files</Filter>
    </ClCompile>
    <ClCompile Include="mathgrapher\Popups\MajorPopups\MajorPopup.cpp">
      <Filter>Source Files</Filter>
    </ClCompile>
    <ClCompile Include="mathgrapher\Popups\MajorPopups\MajorPopup.hpp">
      <Filter>Source Files</Filter>
    </ClCompile>
    <ClCompile Include="mathgrapher\Popups\MajorPopups\SaverPopup.cpp">
      <Filter>Source Files</Filter>
    </ClCompile>
    <ClCompile Include="mathgrapher\Popups\MajorPopups\SaverPopup.hpp">
      <Filter>Source Files</Filter>
    </ClCompile>
    <ClCompile Include="mathgrapher\Popups\MajorPopups\Savers\SaveFilePopup.cpp">
      <Filter>Source Files</Filter>
    </ClCompile>
    <ClCompile Include="mathgrapher\Popups\MajorPopups\Savers\SaveFilePopup.hpp">
      <Filter>Source Files</Filter>
    </ClCompile>
    <ClCompile Include="mathgrapher\Popups\MajorPopups\Savers\SaveVideoPopup.cpp">
      <Filter>Source Files</Filter>
    </ClCompile>
    <ClCompile Include="mathgrapher\Popups\MajorPopups\Savers\SaveVideoPopup.hpp">
      <Filter>Source Files</Filter>
    </ClCompile>
    <ClCompile Include="mathgrapher\Popups\Popup.cpp">
      <Filter>Source Files</Filter>
    </ClCompile>
    <ClCompile Include="mathgrapher\Popups\Popup.hpp">
      <Filter>Source Files</Filter>
    </ClCompile>
    <ClCompile Include="mathgrapher\Popups\QuickCloserPopups\CreateOrEdit\CreateFunctionRunInterpolation.cpp">
      <Filter>Source Files</Filter>
    </ClCompile>
    <ClCompile Include="mathgrapher\Popups\QuickCloserPopups\CreateOrEdit\CreateFunctionRunInterpolation.hpp">
      <Filter>Source Files</Filter>
    </ClCompile>
    <ClCompile Include="mathgrapher\Popups\QuickCloserPopups\CreateOrEdit\CreateHighlightInterpolation.cpp">
      <Filter>Source Files</Filter>
    </ClCompile>
    <ClCompile Include="mathgrapher\Popups\QuickCloserPopups\CreateOrEdit\CreateHighlightInterpolation.hpp">
      <Filter>Source Files</Filter>
    </ClCompile>
    <ClCompile Include="mathgrapher\Popups\QuickCloserPopups\CreateOrEdit\CreatePointOfInterest.cpp">
      <Filter>Source Files</Filter>
    </ClCompile>
    <ClCompile Include="mathgrapher\Popups\QuickCloserPopups\CreateOrEdit\CreatePointOfInterest.hpp">
      <Filter>Source Files</Filter>
    </ClCompile>
    <ClCompile Include="mathgrapher\Popups\QuickCloserPopups\CreateOrEdit\CreateResizeInterpolation.cpp">
      <Filter>Source Files</Filter>
    </ClCompile>
    <ClCompile Include="mathgrapher\Popups\QuickCloserPopups\CreateOrEdit\CreateResizeInterpolation.hpp">
      <Filter>Source Files</Filter>
    </ClCompile>
    <ClCompile Include="mathgrapher\Popups\QuickCloserPopups\CreateOrEdit\CreateSimpleInterpolation.cpp">
      <Filter>Source Files</Filter>
    </ClCompile>
    <ClCompile Include="mathgrapher\Popups\QuickCloserPopups\CreateOrEdit\CreateSimpleInterpolation.hpp">
      <Filter>Source Files</Filter>
    </ClCompile>
    <ClCompile Include="mathgrapher\Popups\QuickCloserPopups\CreateOrEdit\EditFunctionPopup.cpp">
      <Filter>Source Files</Filter>
    </ClCompile>
    <ClCompile Include="mathgrapher\Popups\QuickCloserPopups\CreateOrEdit\EditFunctionPopup.hpp">
      <Filter>Source Files</Filter>
    </ClCompile>
    <ClCompile Include="mathgrapher\Popups\QuickCloserPopups\QuickCloserPopup.cpp">
      <Filter>Source Files</Filter>
    </ClCompile>
    <ClCompile Include="mathgrapher\Popups\QuickCloserPopups\QuickCloserPopup.hpp">
      <Filter>Source Files</Filter>
    </ClCompile>
    <ClCompile Include="mathgrapher\Popups\QuickCloserPopups\Select\AddObjectPopup.cpp">
      <Filter>Source Files</Filter>
    </ClCompile>
    <ClCompile Include="mathgrapher\Popups\QuickCloserPopups\Select\AddObjectPopup.hpp">
      <Filter>Source Files</Filter>
    </ClCompile>
    <ClCompile Include="mathgrapher\Popups\QuickCloserPopups\Select\ChooseFunctionInterpolation.cpp">
      <Filter>Source Files</Filter>
    </ClCompile>
    <ClCompile Include="mathgrapher\Popups\QuickCloserPopups\Select\ChooseFunctionInterpolation.hpp">
      <Filter>Source Files</Filter>
    </ClCompile>
    <ClCompile Include="mathgrapher\Popups\QuickCloserPopups\Select\ChooseFunctionPopup.cpp">
      <Filter>Source Files</Filter>
    </ClCompile>
    <ClCompile Include="mathgrapher\Popups\QuickCloserPopups\Select\ChooseFunctionPopup.hpp">
      <Filter>Source Files</Filter>
    </ClCompile>
    <ClCompile Include="mathgrapher\Popups\QuickCloserPopups\Select\ChooseInterpolationPopup.cpp">
      <Filter>Source Files</Filter>
    </ClCompile>
    <ClCompile Include="mathgrapher\Popups\QuickCloserPopups\Select\ChooseInterpolationPopup.hpp">
      <Filter>Source Files</Filter>
    </ClCompile>
    <ClCompile Include="mathgrapher\Popups\QuickCloserPopups\Select\ChoosePointConcernedForLinkingPopup.cpp">
      <Filter>Source Files</Filter>
    </ClCompile>
    <ClCompile Include="mathgrapher\Popups\QuickCloserPopups\Select\ChoosePointConcernedForLinkingPopup.hpp">
      <Filter>Source Files</Filter>
    </ClCompile>
    <ClCompile Include="mathgrapher\Popups\QuickCloserPopups\Select\ChooseWhichImagePopup.cpp">
      <Filter>Source Files</Filter>
    </ClCompile>
    <ClCompile Include="mathgrapher\Popups\QuickCloserPopups\Select\ChooseWhichImagePopup.hpp">
      <Filter>Source Files</Filter>
    </ClCompile>
    <ClCompile Include="mathgrapher\Popups\QuickCloserPopups\Select\LoadFilePopup.cpp">
      <Filter>Source Files</Filter>
    </ClCompile>
    <ClCompile Include="mathgrapher\Popups\QuickCloserPopups\Select\LoadFilePopup.hpp">
      <Filter>Source Files</Filter>
    </ClCompile>
    <ClCompile Include="mathgrapher\PopupWrapper.cpp">
      <Filter>Source Files</Filter>
    </ClCompile>
    <ClCompile Include="mathgrapher\PopupWrapper.hpp">
      <Filter>Source Files</Filter>
    </ClCompile>
    <ClCompile Include="mathgrapher\RenderingUtilities.cpp">
      <Filter>Source Files</Filter>
    </ClCompile>
    <ClCompile Include="mathgrapher\RenderingUtilities.hpp">
      <Filter>Source Files</Filter>
    </ClCompile>
    <ClCompile Include="mathgrapher\**">
      <Filter>Header Files</Filter>
    </ClCompile>
    <ClCompile Include="mathgrapher\**">
      <Filter>Source Files</Filter>
    </ClCompile>
    <ClCompile Include="mathgrapher\**">
      <Filter>Header Files</Filter>
    </ClCompile>
    <ClCompile Include="mathgrapher\**">
      <Filter>Source Files</Filter>
    </ClCompile>
    <ClCompile Include="mathgrapher\**">
      <Filter>Header Files</Filter>
    </ClCompile>
    <ClCompile Include="mathgrapher\**">
      <Filter>Source Files</Filter>
    </ClCompile>
    <ClCompile Include="mathgrapher\**">
      <Filter>Header Files</Filter>
    </ClCompile>
    <ClCompile Include="mathgrapher\**">
      <Filter>Source Files</Filter>
    </ClCompile>
    <ClCompile Include="mathgrapher\**">
      <Filter>Header Files</Filter>
    </ClCompile>
    <ClCompile Include="mathgrapher\**">
      <Filter>Source Files</Filter>
    </ClCompile>
    <ClCompile Include="mathgrapher\**">
      <Filter>Header Files</Filter>
    </ClCompile>
    <ClCompile Include="mathgrapher\**">
      <Filter>Source Files</Filter>
    </ClCompile>
    <ClCompile Include="mathgrapher\**">
      <Filter>Header Files</Filter>
    </ClCompile>
    <ClCompile Include="mathgrapher\**">
      <Filter>Source Files</Filter>
    </ClCompile>
    <ClCompile Include="mathgrapher\**">
      <Filter>Header Files</Filter>
    </ClCompile>
    <ClCompile Include="mathgrapher\**">
      <Filter>Source Files</Filter>
    </ClCompile>
    <ClCompile Include="mathgrapher\**">
      <Filter>Header Files</Filter>
    </ClCompile>
    <ClCompile Include="mathgrapher\**">
      <Filter>Source Files</Filter>
    </ClCompile>
    <ClCompile Include="mathgrapher\**">
      <Filter>Header Files</Filter>
    </ClCompile>
    <ClCompile Include="mathgrapher\BulkUtilities.hpp" />
    <ClCompile Include="mathgrapher\DisplayObjects\DisplayObjects.cpp" />
    <ClCompile Include="mathgrapher\DisplayObjects\DisplayObjects.hpp" />
    <ClCompile Include="mathgrapher\DisplayObjects\Function.cpp" />
    <ClCompile Include="mathgrapher\DisplayObjects\Function.hpp" />
    <ClCompile Include="mathgrapher\DisplayObjects\Graph.cpp" />
    <ClCompile Include="mathgrapher\DisplayObjects\Graph.hpp" />
    <ClCompile Include="mathgrapher\DisplayObjects\Interpolation.cpp" />
    <ClCompile Include="mathgrapher\DisplayObjects\Interpolation.hpp" />
    <ClCompile Include="mathgrapher\DisplayObjects\RawImage.cpp" />
    <ClCompile Include="mathgrapher\DisplayObjects\RawImage.hpp" />
    <ClCompile Include="mathgrapher\DisplayObjects\RawText.cpp" />
    <ClCompile Include="mathgrapher\DisplayObjects\RawText.hpp" />
    <ClCompile Include="mathgrapher\DisplayObjects\Slider.cpp" />
    <ClCompile Include="mathgrapher\DisplayObjects\Slider.hpp" />
    <ClCompile Include="mathgrapher\DisplayWrapper.cpp" />
    <ClCompile Include="mathgrapher\DisplayWrapper.hpp" />
    <ClCompile Include="mathgrapher\Functions.cpp" />
    <ClCompile Include="mathgrapher\Functions.hpp" />
    <ClCompile Include="mathgrapher\main.cpp" />
    <ClCompile Include="mathgrapher\Popups\MajorPopups\Edit\EditGraphPopup.cpp" />
    <ClCompile Include="mathgrapher\Popups\MajorPopups\Edit\EditGraphPopup.hpp" />
    <ClCompile Include="mathgrapher\Popups\MajorPopups\Edit\EditImagePopup.cpp" />
    <ClCompile Include="mathgrapher\Popups\MajorPopups\Edit\EditImagePopup.hpp" />
    <ClCompile Include="mathgrapher\Popups\MajorPopups\Edit\EditSliderPopup.cpp" />
    <ClCompile Include="mathgrapher\Popups\MajorPopups\Edit\EditSliderPopup.hpp" />
    <ClCompile Include="mathgrapher\Popups\MajorPopups\Edit\EditTextPopup.cpp" />
    <ClCompile Include="mathgrapher\Popups\MajorPopups\Edit\EditTextPopup.hpp" />
    <ClCompile Include="mathgrapher\Popups\MajorPopups\MainDisplay.cpp" />
    <ClCompile Include="mathgrapher\Popups\MajorPopups\MainDisplay.hpp" />
    <ClCompile Include="mathgrapher\Popups\MajorPopups\MajorPopup.cpp" />
    <ClCompile Include="mathgrapher\Popups\MajorPopups\MajorPopup.hpp" />
    <ClCompile Include="mathgrapher\Popups\MajorPopups\SaverPopup.cpp" />
    <ClCompile Include="mathgrapher\Popups\MajorPopups\SaverPopup.hpp" />
    <ClCompile Include="mathgrapher\Popups\MajorPopups\Savers\SaveFilePopup.cpp" />
    <ClCompile Include="mathgrapher\Popups\MajorPopups\Savers\SaveFilePopup.hpp" />
    <ClCompile Include="mathgrapher\Popups\MajorPopups\Savers\SaveVideoPopup.cpp" />
    <ClCompile Include="mathgrapher\Popups\MajorPopups\Savers\SaveVideoPopup.hpp" />
    <ClCompile Include="mathgrapher\Popups\Popup.cpp" />
    <ClCompile Include="mathgrapher\Popups\Popup.hpp" />
    <ClCompile Include="mathgrapher\Popups\QuickCloserPopups\CreateOrEdit\CreateFunctionRunInterpolation.cpp" />
    <ClCompile Include="mathgrapher\Popups\QuickCloserPopups\CreateOrEdit\CreateFunctionRunInterpolation.hpp" />
    <ClCompile Include="mathgrapher\Popups\QuickCloserPopups\CreateOrEdit\CreateHighlightInterpolation.cpp" />
    <ClCompile Include="mathgrapher\Popups\QuickCloserPopups\CreateOrEdit\CreateHighlightInterpolation.hpp" />
    <ClCompile Include="mathgrapher\Popups\QuickCloserPopups\CreateOrEdit\CreatePointOfInterest.cpp" />
    <ClCompile Include="mathgrapher\Popups\QuickCloserPopups\CreateOrEdit\CreatePointOfInterest.hpp" />
    <ClCompile Include="mathgrapher\Popups\QuickCloserPopups\CreateOrEdit\CreateResizeInterpolation.cpp" />
    <ClCompile Include="mathgrapher\Popups\QuickCloserPopups\CreateOrEdit\CreateResizeInterpolation.hpp" />
    <ClCompile Include="mathgrapher\Popups\QuickCloserPopups\CreateOrEdit\CreateSimpleInterpolation.cpp" />
    <ClCompile Include="mathgrapher\Popups\QuickCloserPopups\CreateOrEdit\CreateSimpleInterpolation.hpp" />
    <ClCompile Include="mathgrapher\Popups\QuickCloserPopups\CreateOrEdit\EditFunctionPopup.cpp" />
    <ClCompile Include="mathgrapher\Popups\QuickCloserPopups\CreateOrEdit\EditFunctionPopup.hpp" />
    <ClCompile Include="mathgrapher\Popups\QuickCloserPopups\QuickCloserPopup.cpp" />
    <ClCompile Include="mathgrapher\Popups\QuickCloserPopups\QuickCloserPopup.hpp" />
    <ClCompile Include="mathgrapher\Popups\QuickCloserPopups\Select\AddObjectPopup.cpp" />
    <ClCompile Include="mathgrapher\Popups\QuickCloserPopups\Select\AddObjectPopup.hpp" />
    <ClCompile Include="mathgrapher\Popups\QuickCloserPopups\Select\ChooseFunctionInterpolation.cpp" />
    <ClCompile Include="mathgrapher\Popups\QuickCloserPopups\Select\ChooseFunctionInterpolation.hpp" />
    <ClCompile Include="mathgrapher\Popups\QuickCloserPopups\Select\ChooseFunctionPopup.cpp" />
    <ClCompile Include="mathgrapher\Popups\QuickCloserPopups\Select\ChooseFunctionPopup.hpp" />
    <ClCompile Include="mathgrapher\Popups\QuickCloserPopups\Select\ChooseInterpolationPopup.cpp" />
    <ClCompile Include="mathgrapher\Popups\QuickCloserPopups\Select\ChooseInterpolationPopup.hpp" />
    <ClCompile Include="mathgrapher\Popups\QuickCloserPopups\Select\ChoosePointConcernedForLinkingPopup.cpp" />
    <ClCompile Include="mathgrapher\Popups\QuickCloserPopups\Select\ChoosePointConcernedForLinkingPopup.hpp" />
    <ClCompile Include="mathgrapher\Popups\QuickCloserPopups\Select\ChooseWhichImagePopup.cpp" />
    <ClCompile Include="mathgrapher\Popups\QuickCloserPopups\Select\ChooseWhichImagePopup.hpp" />
    <ClCompile Include="mathgrapher\Popups\QuickCloserPopups\Select\LoadFilePopup.cpp" />
    <ClCompile Include="mathgrapher\Popups\QuickCloserPopups\Select\LoadFilePopup.hpp" />
    <ClCompile Include="mathgrapher\PopupWrapper.cpp" />
    <ClCompile Include="mathgrapher\PopupWrapper.hpp" />
    <ClCompile Include="mathgrapher\RenderingUtilities.cpp" />
    <ClCompile Include="mathgrapher\RenderingUtilities.hpp" />
    <ClCompile Include="mathgrapher\**">
      <Filter>Source Files</Filter>
    </ClCompile>
    <ClCompile Include="mathgrapher\**">
      <Filter>Source Files</Filter>
    </ClCompile>
    <ClCompile Include="mathgrapher\**">
      <Filter>Header Files</Filter>
    </ClCompile>
    <ClCompile Include="mathgrapher\**">
      <Filter>Source Files</Filter>
    </ClCompile>
    <ClCompile Include="mathgrapher\**">
      <Filter>Header Files</Filter>
    </ClCompile>
    <ClCompile Include="mathgrapher\**">
      <Filter>Source Files</Filter>
    </ClCompile>
    <ClCompile Include="mathgrapher\**">
      <Filter>Header Files</Filter>
    </ClCompile>
    <ClCompile Include="mathgrapher\**">
      <Filter>Source Files</Filter>
    </ClCompile>
    <ClCompile Include="mathgrapher\**">
      <Filter>Header Files</Filter>
    </ClCompile>
    <ClCompile Include="mathgrapher\**">
      <Filter>Source Files</Filter>
    </ClCompile>
    <ClCompile Include="mathgrapher\**">
      <Filter>Header Files</Filter>
    </ClCompile>
    <ClCompile Include="mathgrapher\**">
      <Filter>Source Files</Filter>
    </ClCompile>
    <ClCompile Include="mathgrapher\**">
      <Filter>Header Files</Filter>
    </ClCompile>
    <ClCompile Include="mathgrapher\**">
      <Filter>Source Files</Filter>
    </ClCompile>
    <ClCompile Include="mathgrapher\**">
      <Filter>Header Files</Filter>
    </ClCompile>
    <ClCompile Include="mathgrapher\**">
      <Filter>Source Files</Filter>
    </ClCompile>
    <ClCompile Include="mathgrapher\**">
      <Filter>Header Files</Filter>
    </ClCompile>
    <ClCompile Include="mathgrapher\**">
      <Filter>Source Files</Filter>
    </ClCompile>
    <ClCompile Include="mathgrapher\**">
      <Filter>Header Files</Filter>
    </ClCompile>
    <ClCompile Include="mathgrapher\**">
      <Filter>Source Files</Filter>
    </ClCompile>
    <ClCompile Include="mathgrapher\**">
      <Filter>Header Files</Filter>
    </ClCompile>
    <ClCompile Include="mathgrapher\**">
      <Filter>Source Files</Filter>
    </ClCompile>
    <ClCompile Include="mathgrapher\**">
      <Filter>Header Files</Filter>
    </ClCompile>
    <ClCompile Include="mathgrapher\**">
      <Filter>Source Files</Filter>
    </ClCompile>
    <ClCompile Include="mathgrapher\**">
      <Filter>Header Files</Filter>
    </ClCompile>
    <ClCompile Include="mathgrapher\**">
      <Filter>Source Files</Filter>
    </ClCompile>
    <ClCompile Include="mathgrapher\**">
      <Filter>Header Files</Filter>
    </ClCompile>
    <ClCompile Include="mathgrapher\**">
      <Filter>Source Files</Filter>
    </ClCompile>
    <ClCompile Include="mathgrapher\**">
      <Filter>Header Files</Filter>
    </ClCompile>
    <ClCompile Include="mathgrapher\**">
      <Filter>Source Files</Filter>
    </ClCompile>
    <ClCompile Include="mathgrapher\**">
      <Filter>Header Files</Filter>
    </ClCompile>
    <ClCompile Include="mathgrapher\**">
      <Filter>Source Files</Filter>
    </ClCompile>
    <ClCompile Include="mathgrapher\**">
      <Filter>Header Files</Filter>
    </ClCompile>
    <ClCompile Include="mathgrapher\**">
      <Filter>Source Files</Filter>
    </ClCompile>
    <ClCompile Include="mathgrapher\**">
      <Filter>Header Files</Filter>
    </ClCompile>
    <ClCompile Include="mathgrapher\**">
      <Filter>Source Files</Filter>
    </ClCompile>
    <ClCompile Include="mathgrapher\**">
      <Filter>Header Files</Filter>
    </ClCompile>
    <ClCompile Include="mathgrapher\**">
      <Filter>Source Files</Filter>
    </ClCompile>
    <ClCompile Include="mathgrapher\**">
      <Filter>Header Files</Filter>
    </ClCompile>
    <ClCompile Include="mathgrapher\**">
      <Filter>Source Files</Filter>
    </ClCompile>
    <ClCompile Include="mathgrapher\**">
      <Filter>Header Files</Filter>
    </ClCompile>
    <ClCompile Include="mathgrapher\**">
      <Filter>Source Files</Filter>
    </ClCompile>
    <ClCompile Include="mathgrapher\**">
      <Filter>Header Files</Filter>
    </ClCompile>
    <ClCompile Include="mathgrapher\**">
      <Filter>Source Files</Filter>
    </ClCompile>
    <ClCompile Include="mathgrapher\**">
      <Filter>Header Files</Filter>
    </ClCompile>
    <ClCompile Include="mathgrapher\**">
      <Filter>Source Files</Filter>
    </ClCompile>
    <ClCompile Include="mathgrapher\**">
      <Filter>Header Files</Filter>
    </ClCompile>
    <ClCompile Include="mathgrapher\**">
      <Filter>Source Files</Filter>
    </ClCompile>
    <ClCompile Include="mathgrapher\**">
      <Filter>Header Files</Filter>
    </ClCompile>
    <ClCompile Include="mathgrapher\**">
      <Filter>Source Files</Filter>
    </ClCompile>
    <ClCompile Include="mathgrapher\**">
      <Filter>Header Files</Filter>
    </ClCompile>
    <ClCompile Include="mathgrapher\**">
      <Filter>Source Files</Filter>
    </ClCompile>
    <ClCompile Include="mathgrapher\**">
      <Filter>Header Files</Filter>
    </ClCompile>
    <ClCompile Include="mathgrapher\BulkUtilities.hpp" />
    <ClCompile Include="mathgrapher\DisplayObjects\DisplayObjects.cpp" />
    <ClCompile Include="mathgrapher\DisplayObjects\DisplayObjects.hpp" />
    <ClCompile Include="mathgrapher\DisplayObjects\Function.cpp" />
    <ClCompile Include="mathgrapher\DisplayObjects\Function.hpp" />
    <ClCompile Include="mathgrapher\DisplayObjects\Graph.cpp" />
    <ClCompile Include="mathgrapher\DisplayObjects\Graph.hpp" />
    <ClCompile Include="mathgrapher\DisplayObjects\Interpolation.cpp" />
    <ClCompile Include="mathgrapher\DisplayObjects\Interpolation.hpp" />
    <ClCompile Include="mathgrapher\DisplayObjects\RawImage.cpp" />
    <ClCompile Include="mathgrapher\DisplayObjects\RawImage.hpp" />
    <ClCompile Include="mathgrapher\DisplayObjects\RawText.cpp" />
    <ClCompile Include="mathgrapher\DisplayObjects\RawText.hpp" />
    <ClCompile Include="mathgrapher\DisplayObjects\Slider.cpp" />
    <ClCompile Include="mathgrapher\DisplayObjects\Slider.hpp" />
    <ClCompile Include="mathgrapher\DisplayWrapper.cpp" />
    <ClCompile Include="mathgrapher\DisplayWrapper.hpp" />
    <ClCompile Include="mathgrapher\Functions.cpp" />
    <ClCompile Include="mathgrapher\Functions.hpp" />
    <ClCompile Include="mathgrapher\libfreetype-6.dll" />
    <ClCompile Include="mathgrapher\main.cpp" />
    <ClCompile Include="mathgrapher\Popups\MajorPopups\Edit\EditGraphPopup.cpp" />
    <ClCompile Include="mathgrapher\Popups\MajorPopups\Edit\EditGraphPopup.hpp" />
    <ClCompile Include="mathgrapher\Popups\MajorPopups\Edit\EditImagePopup.cpp" />
    <ClCompile Include="mathgrapher\Popups\MajorPopups\Edit\EditImagePopup.hpp" />
    <ClCompile Include="mathgrapher\Popups\MajorPopups\Edit\EditSliderPopup.cpp" />
    <ClCompile Include="mathgrapher\Popups\MajorPopups\Edit\EditSliderPopup.hpp" />
    <ClCompile Include="mathgrapher\Popups\MajorPopups\Edit\EditTextPopup.cpp" />
    <ClCompile Include="mathgrapher\Popups\MajorPopups\Edit\EditTextPopup.hpp" />
    <ClCompile Include="mathgrapher\Popups\MajorPopups\MainDisplay.cpp" />
    <ClCompile Include="mathgrapher\Popups\MajorPopups\MainDisplay.hpp" />
    <ClCompile Include="mathgrapher\Popups\MajorPopups\MajorPopup.cpp" />
    <ClCompile Include="mathgrapher\Popups\MajorPopups\MajorPopup.hpp" />
    <ClCompile Include="mathgrapher\Popups\MajorPopups\SaverPopup.cpp" />
    <ClCompile Include="mathgrapher\Popups\MajorPopups\SaverPopup.hpp" />
    <ClCompile Include="mathgrapher\Popups\MajorPopups\Savers\SaveFilePopup.cpp" />
    <ClCompile Include="mathgrapher\Popups\MajorPopups\Savers\SaveFilePopup.hpp" />
    <ClCompile Include="mathgrapher\Popups\MajorPopups\Savers\SaveVideoPopup.cpp" />
    <ClCompile Include="mathgrapher\Popups\MajorPopups\Savers\SaveVideoPopup.hpp" />
    <ClCompile Include="mathgrapher\Popups\Popup.cpp" />
    <ClCompile Include="mathgrapher\Popups\Popup.hpp" />
    <ClCompile Include="mathgrapher\Popups\QuickCloserPopups\CreateOrEdit\CreateFunctionRunInterpolation.cpp" />
    <ClCompile Include="mathgrapher\Popups\QuickCloserPopups\CreateOrEdit\CreateFunctionRunInterpolation.hpp" />
    <ClCompile Include="mathgrapher\Popups\QuickCloserPopups\CreateOrEdit\CreateHighlightInterpolation.cpp" />
    <ClCompile Include="mathgrapher\Popups\QuickCloserPopups\CreateOrEdit\CreateHighlightInterpolation.hpp" />
    <ClCompile Include="mathgrapher\Popups\QuickCloserPopups\CreateOrEdit\CreatePointOfInterest.cpp" />
    <ClCompile Include="mathgrapher\Popups\QuickCloserPopups\CreateOrEdit\CreatePointOfInterest.hpp" />
    <ClCompile Include="mathgrapher\Popups\QuickCloserPopups\CreateOrEdit\CreateResizeInterpolation.cpp" />
    <ClCompile Include="mathgrapher\Popups\QuickCloserPopups\CreateOrEdit\CreateResizeInterpolation.hpp" />
    <ClCompile Include="mathgrapher\Popups\QuickCloserPopups\CreateOrEdit\CreateSimpleInterpolation.cpp" />
    <ClCompile Include="mathgrapher\Popups\QuickCloserPopups\CreateOrEdit\CreateSimpleInterpolation.hpp" />
    <ClCompile Include="mathgrapher\Popups\QuickCloserPopups\CreateOrEdit\EditFunctionPopup.cpp" />
    <ClCompile Include="mathgrapher\Popups\QuickCloserPopups\CreateOrEdit\EditFunctionPopup.hpp" />
    <ClCompile Include="mathgrapher\Popups\QuickCloserPopups\QuickCloserPopup.cpp" />
    <ClCompile Include="mathgrapher\Popups\QuickCloserPopups\QuickCloserPopup.hpp" />
    <ClCompile Include="mathgrapher\Popups\QuickCloserPopups\Select\AddObjectPopup.cpp" />
    <ClCompile Include="mathgrapher\Popups\QuickCloserPopups\Select\AddObjectPopup.hpp" />
    <ClCompile Include="mathgrapher\Popups\QuickCloserPopups\Select\ChooseFunctionInterpolation.cpp" />
    <ClCompile Include="mathgrapher\Popups\QuickCloserPopups\Select\ChooseFunctionInterpolation.hpp" />
    <ClCompile Include="mathgrapher\Popups\QuickCloserPopups\Select\ChooseFunctionPopup.cpp" />
    <ClCompile Include="mathgrapher\Popups\QuickCloserPopups\Select\ChooseFunctionPopup.hpp" />
    <ClCompile Include="mathgrapher\Popups\QuickCloserPopups\Select\ChooseInterpolationPopup.cpp" />
    <ClCompile Include="mathgrapher\Popups\QuickCloserPopups\Select\ChooseInterpolationPopup.hpp" />
    <ClCompile Include="mathgrapher\Popups\QuickCloserPopups\Select\ChoosePointConcernedForLinkingPopup.cpp" />
    <ClCompile Include="mathgrapher\Popups\QuickCloserPopups\Select\ChoosePointConcernedForLinkingPopup.hpp" />
    <ClCompile Include="mathgrapher\Popups\QuickCloserPopups\Select\ChooseWhichImagePopup.cpp" />
    <ClCompile Include="mathgrapher\Popups\QuickCloserPopups\Select\ChooseWhichImagePopup.hpp" />
    <ClCompile Include="mathgrapher\Popups\QuickCloserPopups\Select\LoadFilePopup.cpp" />
    <ClCompile Include="mathgrapher\Popups\QuickCloserPopups\Select\LoadFilePopup.hpp" />
    <ClCompile Include="mathgrapher\PopupWrapper.cpp" />
    <ClCompile Include="mathgrapher\PopupWrapper.hpp" />
    <ClCompile Include="mathgrapher\RenderingUtilities.cpp" />
    <ClCompile Include="mathgrapher\RenderingUtilities.hpp" />
    <ClCompile Include="mathgrapher\SDL2.dll" />
    <ClCompile Include="mathgrapher\SDL2_ttf.dll" />
    <ClCompile Include="mathgrapher\zlib1.dll" />
    <ClCompile Include="mathgrapher\BulkUtilities.hpp" />
    <ClCompile Include="mathgrapher\DisplayObjects\DisplayObjects.cpp" />
    <ClCompile Include="mathgrapher\DisplayObjects\DisplayObjects.hpp" />
    <ClCompile Include="mathgrapher\DisplayObjects\Function.cpp" />
    <ClCompile Include="mathgrapher\DisplayObjects\Function.hpp" />
    <ClCompile Include="mathgrapher\DisplayObjects\Graph.cpp" />
    <ClCompile Include="mathgrapher\DisplayObjects\Graph.hpp" />
    <ClCompile Include="mathgrapher\DisplayObjects\Interpolation.cpp" />
    <ClCompile Include="mathgrapher\DisplayObjects\Interpolation.hpp" />
    <ClCompile Include="mathgrapher\DisplayObjects\RawImage.cpp" />
    <ClCompile Include="mathgrapher\DisplayObjects\RawImage.hpp" />
    <ClCompile Include="mathgrapher\DisplayObjects\RawText.cpp" />
    <ClCompile Include="mathgrapher\DisplayObjects\RawText.hpp" />
    <ClCompile Include="mathgrapher\DisplayObjects\Slider.cpp" />
    <ClCompile Include="mathgrapher\DisplayObjects\Slider.hpp" />
    <ClCompile Include="mathgrapher\DisplayWrapper.cpp" />
    <ClCompile Include="mathgrapher\DisplayWrapper.hpp" />
    <ClCompile Include="mathgrapher\Functions.cpp" />
    <ClCompile Include="mathgrapher\Functions.hpp" />
    <ClCompile Include="mathgrapher\libfreetype-6.dll" />
    <ClCompile Include="mathgrapher\main.cpp" />
    <ClCompile Include="mathgrapher\Popups\MajorPopups\Edit\EditGraphPopup.cpp" />
    <ClCompile Include="mathgrapher\Popups\MajorPopups\Edit\EditGraphPopup.hpp" />
    <ClCompile Include="mathgrapher\Popups\MajorPopups\Edit\EditImagePopup.cpp" />
    <ClCompile Include="mathgrapher\Popups\MajorPopups\Edit\EditImagePopup.hpp" />
    <ClCompile Include="mathgrapher\Popups\MajorPopups\Edit\EditSliderPopup.cpp" />
    <ClCompile Include="mathgrapher\Popups\MajorPopups\Edit\EditSliderPopup.hpp" />
    <ClCompile Include="mathgrapher\Popups\MajorPopups\Edit\EditTextPopup.cpp" />
    <ClCompile Include="mathgrapher\Popups\MajorPopups\Edit\EditTextPopup.hpp" />
    <ClCompile Include="mathgrapher\Popups\MajorPopups\MainDisplay.cpp" />
    <ClCompile Include="mathgrapher\Popups\MajorPopups\MainDisplay.hpp" />
    <ClCompile Include="mathgrapher\Popups\MajorPopups\MajorPopup.cpp" />
    <ClCompile Include="mathgrapher\Popups\MajorPopups\MajorPopup.hpp" />
    <ClCompile Include="mathgrapher\Popups\MajorPopups\SaverPopup.cpp" />
    <ClCompile Include="mathgrapher\Popups\MajorPopups\SaverPopup.hpp" />
    <ClCompile Include="mathgrapher\Popups\MajorPopups\Savers\SaveFilePopup.cpp" />
    <ClCompile Include="mathgrapher\Popups\MajorPopups\Savers\SaveFilePopup.hpp" />
    <ClCompile Include="mathgrapher\Popups\MajorPopups\Savers\SaveVideoPopup.cpp" />
    <ClCompile Include="mathgrapher\Popups\MajorPopups\Savers\SaveVideoPopup.hpp" />
    <ClCompile Include="mathgrapher\Popups\Popup.cpp" />
    <ClCompile Include="mathgrapher\Popups\Popup.hpp" />
    <ClCompile Include="mathgrapher\Popups\QuickCloserPopups\CreateOrEdit\CreateFunctionRunInterpolation.cpp" />
    <ClCompile Include="mathgrapher\Popups\QuickCloserPopups\CreateOrEdit\CreateFunctionRunInterpolation.hpp" />
    <ClCompile Include="mathgrapher\Popups\QuickCloserPopups\CreateOrEdit\CreateHighlightInterpolation.cpp" />
    <ClCompile Include="mathgrapher\Popups\QuickCloserPopups\CreateOrEdit\CreateHighlightInterpolation.hpp" />
    <ClCompile Include="mathgrapher\Popups\QuickCloserPopups\CreateOrEdit\CreatePointOfInterest.cpp" />
    <ClCompile Include="mathgrapher\Popups\QuickCloserPopups\CreateOrEdit\CreatePointOfInterest.hpp" />
    <ClCompile Include="mathgrapher\Popups\QuickCloserPopups\CreateOrEdit\CreateResizeInterpolation.cpp" />
    <ClCompile Include="mathgrapher\Popups\QuickCloserPopups\CreateOrEdit\CreateResizeInterpolation.hpp" />
    <ClCompile Include="mathgrapher\Popups\QuickCloserPopups\CreateOrEdit\CreateSimpleInterpolation.cpp" />
    <ClCompile Include="mathgrapher\Popups\QuickCloserPopups\CreateOrEdit\CreateSimpleInterpolation.hpp" />
    <ClCompile Include="mathgrapher\Popups\QuickCloserPopups\CreateOrEdit\EditFunctionPopup.cpp" />
    <ClCompile Include="mathgrapher\Popups\QuickCloserPopups\CreateOrEdit\EditFunctionPopup.hpp" />
    <ClCompile Include="mathgrapher\Popups\QuickCloserPopups\QuickCloserPopup.cpp" />
    <ClCompile Include="mathgrapher\Popups\QuickCloserPopups\QuickCloserPopup.hpp" />
    <ClCompile Include="mathgrapher\Popups\QuickCloserPopups\Select\AddObjectPopup.cpp" />
    <ClCompile Include="mathgrapher\Popups\QuickCloserPopups\Select\AddObjectPopup.hpp" />
    <ClCompile Include="mathgrapher\Popups\QuickCloserPopups\Select\ChooseFunctionInterpolation.cpp" />
    <ClCompile Include="mathgrapher\Popups\QuickCloserPopups\Select\ChooseFunctionInterpolation.hpp" />
    <ClCompile Include="mathgrapher\Popups\QuickCloserPopups\Select\ChooseFunctionPopup.cpp" />
    <ClCompile Include="mathgrapher\Popups\QuickCloserPopups\Select\ChooseFunctionPopup.hpp" />
    <ClCompile Include="mathgrapher\Popups\QuickCloserPopups\Select\ChooseInterpolationPopup.cpp" />
    <ClCompile Include="mathgrapher\Popups\QuickCloserPopups\Select\ChooseInterpolationPopup.hpp" />
    <ClCompile Include="mathgrapher\Popups\QuickCloserPopups\Select\ChoosePointConcernedForLinkingPopup.cpp" />
    <ClCompile Include="mathgrapher\Popups\QuickCloserPopups\Select\ChoosePointConcernedForLinkingPopup.hpp" />
    <ClCompile Include="mathgrapher\Popups\QuickCloserPopups\Select\ChooseWhichImagePopup.cpp" />
    <ClCompile Include="mathgrapher\Popups\QuickCloserPopups\Select\ChooseWhichImagePopup.hpp" />
    <ClCompile Include="mathgrapher\Popups\QuickCloserPopups\Select\LoadFilePopup.cpp" />
    <ClCompile Include="mathgrapher\Popups\QuickCloserPopups\Select\LoadFilePopup.hpp" />
    <ClCompile Include="mathgrapher\PopupWrapper.cpp" />
    <ClCompile Include="mathgrapher\PopupWrapper.hpp" />
    <ClCompile Include="mathgrapher\RenderingUtilities.cpp" />
    <ClCompile Include="mathgrapher\RenderingUtilities.hpp" />
    <ClCompile Include="mathgrapher\SDL2.dll" />
    <ClCompile Include="mathgrapher\SDL2_ttf.dll" />
    <ClCompile Include="mathgrapher\zlib1.dll" />
    <ClCompile Include="mathgrapher\BulkUtilities.hpp" />
    <ClCompile Include="mathgrapher\DisplayObjects\DisplayObjects.cpp" />
    <ClCompile Include="mathgrapher\DisplayObjects\DisplayObjects.hpp" />
    <ClCompile Include="mathgrapher\DisplayObjects\Function.cpp" />
    <ClCompile Include="mathgrapher\DisplayObjects\Function.hpp" />
    <ClCompile Include="mathgrapher\DisplayObjects\Graph.cpp" />
    <ClCompile Include="mathgrapher\DisplayObjects\Graph.hpp" />
    <ClCompile Include="mathgrapher\DisplayObjects\Interpolation.cpp" />
    <ClCompile Include="mathgrapher\DisplayObjects\Interpolation.hpp" />
    <ClCompile Include="mathgrapher\DisplayObjects\RawImage.cpp" />
    <ClCompile Include="mathgrapher\DisplayObjects\RawImage.hpp" />
    <ClCompile Include="mathgrapher\DisplayObjects\RawText.cpp" />
    <ClCompile Include="mathgrapher\DisplayObjects\RawText.hpp" />
    <ClCompile Include="mathgrapher\DisplayObjects\Slider.cpp" />
    <ClCompile Include="mathgrapher\DisplayObjects\Slider.hpp" />
    <ClCompile Include="mathgrapher\DisplayWrapper.cpp" />
    <ClCompile Include="mathgrapher\DisplayWrapper.hpp" />
    <ClCompile Include="mathgrapher\Functions.cpp" />
    <ClCompile Include="mathgrapher\Functions.hpp" />
    <ClCompile Include="mathgrapher\libfreetype-6.dll" />
    <ClCompile Include="mathgrapher\main.cpp" />
    <ClCompile Include="mathgrapher\Popups\MajorPopups\Edit\EditGraphPopup.cpp" />
    <ClCompile Include="mathgrapher\Popups\MajorPopups\Edit\EditGraphPopup.hpp" />
    <ClCompile Include="mathgrapher\Popups\MajorPopups\Edit\EditImagePopup.cpp" />
    <ClCompile Include="mathgrapher\Popups\MajorPopups\Edit\EditImagePopup.hpp" />
    <ClCompile Include="mathgrapher\Popups\MajorPopups\Edit\EditSliderPopup.cpp" />
    <ClCompile Include="mathgrapher\Popups\MajorPopups\Edit\EditSliderPopup.hpp" />
    <ClCompile Include="mathgrapher\Popups\MajorPopups\Edit\EditTextPopup.cpp" />
    <ClCompile Include="mathgrapher\Popups\MajorPopups\Edit\EditTextPopup.hpp" />
    <ClCompile Include="mathgrapher\Popups\MajorPopups\MainDisplay.cpp" />
    <ClCompile Include="mathgrapher\Popups\MajorPopups\MainDisplay.hpp" />
    <ClCompile Include="mathgrapher\Popups\MajorPopups\MajorPopup.cpp" />
    <ClCompile Include="mathgrapher\Popups\MajorPopups\MajorPopup.hpp" />
    <ClCompile Include="mathgrapher\Popups\MajorPopups\SaverPopup.cpp" />
    <ClCompile Include="mathgrapher\Popups\MajorPopups\SaverPopup.hpp" />
    <ClCompile Include="mathgrapher\Popups\MajorPopups\Savers\SaveFilePopup.cpp" />
    <ClCompile Include="mathgrapher\Popups\MajorPopups\Savers\SaveFilePopup.hpp" />
    <ClCompile Include="mathgrapher\Popups\MajorPopups\Savers\SaveVideoPopup.cpp" />
    <ClCompile Include="mathgrapher\Popups\MajorPopups\Savers\SaveVideoPopup.hpp" />
    <ClCompile Include="mathgrapher\Popups\Popup.cpp" />
    <ClCompile Include="mathgrapher\Popups\Popup.hpp" />
    <ClCompile Include="mathgrapher\Popups\QuickCloserPopups\CreateOrEdit\CreateFunctionRunInterpolation.cpp" />
    <ClCompile Include="mathgrapher\Popups\QuickCloserPopups\CreateOrEdit\CreateFunctionRunInterpolation.hpp" />
    <ClCompile Include="mathgrapher\Popups\QuickCloserPopups\CreateOrEdit\CreateHighlightInterpolation.cpp" />
    <ClCompile Include="mathgrapher\Popups\QuickCloserPopups\CreateOrEdit\CreateHighlightInterpolation.hpp" />
    <ClCompile Include="mathgrapher\Popups\QuickCloserPopups\CreateOrEdit\CreatePointOfInterest.cpp" />
    <ClCompile Include="mathgrapher\Popups\QuickCloserPopups\CreateOrEdit\CreatePointOfInterest.hpp" />
    <ClCompile Include="mathgrapher\Popups\QuickCloserPopups\CreateOrEdit\CreateResizeInterpolation.cpp" />
    <ClCompile Include="mathgrapher\Popups\QuickCloserPopups\CreateOrEdit\CreateResizeInterpolation.hpp" />
    <ClCompile Include="mathgrapher\Popups\QuickCloserPopups\CreateOrEdit\CreateSimpleInterpolation.cpp" />
    <ClCompile Include="mathgrapher\Popups\QuickCloserPopups\CreateOrEdit\CreateSimpleInterpolation.hpp" />
    <ClCompile Include="mathgrapher\Popups\QuickCloserPopups\CreateOrEdit\EditFunctionPopup.cpp" />
    <ClCompile Include="mathgrapher\Popups\QuickCloserPopups\CreateOrEdit\EditFunctionPopup.hpp" />
    <ClCompile Include="mathgrapher\Popups\QuickCloserPopups\QuickCloserPopup.cpp" />
    <ClCompile Include="mathgrapher\Popups\QuickCloserPopups\QuickCloserPopup.hpp" />
    <ClCompile Include="mathgrapher\Popups\QuickCloserPopups\Select\AddObjectPopup.cpp" />
    <ClCompile Include="mathgrapher\Popups\QuickCloserPopups\Select\AddObjectPopup.hpp" />
    <ClCompile Include="mathgrapher\Popups\QuickCloserPopups\Select\ChooseFunctionInterpolation.cpp" />
    <ClCompile Include="mathgrapher\Popups\QuickCloserPopups\Select\ChooseFunctionInterpolation.hpp" />
    <ClCompile Include="mathgrapher\Popups\QuickCloserPopups\Select\ChooseFunctionPopup.cpp" />
    <ClCompile Include="mathgrapher\Popups\QuickCloserPopups\Select\ChooseFunctionPopup.hpp" />
    <ClCompile Include="mathgrapher\Popups\QuickCloserPopups\Select\ChooseInterpolationPopup.cpp" />
    <ClCompile Include="mathgrapher\Popups\QuickCloserPopups\Select\ChooseInterpolationPopup.hpp" />
    <ClCompile Include="mathgrapher\Popups\QuickCloserPopups\Select\ChoosePointConcernedForLinkingPopup.cpp" />
    <ClCompile Include="mathgrapher\Popups\QuickCloserPopups\Select\ChoosePointConcernedForLinkingPopup.hpp" />
    <ClCompile Include="mathgrapher\Popups\QuickCloserPopups\Select\ChooseWhichImagePopup.cpp" />
    <ClCompile Include="mathgrapher\Popups\QuickCloserPopups\Select\ChooseWhichImagePopup.hpp" />
    <ClCompile Include="mathgrapher\Popups\QuickCloserPopups\Select\LoadFilePopup.cpp" />
    <ClCompile Include="mathgrapher\Popups\QuickCloserPopups\Select\LoadFilePopup.hpp" />
    <ClCompile Include="mathgrapher\PopupWrapper.cpp" />
    <ClCompile Include="mathgrapher\PopupWrapper.hpp" />
    <ClCompile Include="mathgrapher\RenderingUtilities.cpp" />
    <ClCompile Include="mathgrapher\RenderingUtilities.hpp" />
    <ClCompile Include="mathgrapher\SDL2.dll" />
    <ClCompile Include="mathgrapher\SDL2_ttf.dll" />
    <ClCompile Include="mathgrapher\zlib1.dll" />
    <ClCompile Include="mathgrapher\BulkUtilities.cpp">
      <Filter>Source Files</Filter>
    </ClCompile>
  </ItemGroup>
</Project>