// !$*UTF8*$!
{
	archiveVersion = 1;
	classes = {
	};
	objectVersion = 48;
	objects = {

/* Begin PBXBuildFile section */
		863C5C151FF5834A00F6FA18 /* resources in CopyFiles */ = {isa = PBXBuildFile; fileRef = 863C5C141FF5834A00F6FA18 /* resources */; };
		863C5C1B1FF6EB2700F6FA18 /* DisplayWrapper.cpp in Sources */ = {isa = PBXBuildFile; fileRef = 863C5C191FF6EB2700F6FA18 /* DisplayWrapper.cpp */; };
		863C5C311FFB0BB500F6FA18 /* BulkUtilities.cpp in Sources */ = {isa = PBXBuildFile; fileRef = 863C5C2F1FFB0BB500F6FA18 /* BulkUtilities.cpp */; };
		863C5C341FFB113600F6FA18 /* PopupWrapper.cpp in Sources */ = {isa = PBXBuildFile; fileRef = 863C5C321FFB113500F6FA18 /* PopupWrapper.cpp */; };
		863C5C381FFB139900F6FA18 /* MajorPopup.cpp in Sources */ = {isa = PBXBuildFile; fileRef = 863C5C361FFB139900F6FA18 /* MajorPopup.cpp */; };
		863C5C3B1FFB14A500F6FA18 /* AddObjectPopup.cpp in Sources */ = {isa = PBXBuildFile; fileRef = 863C5C391FFB14A500F6FA18 /* AddObjectPopup.cpp */; };
		863C5C3F1FFB175100F6FA18 /* EditGraphPopup.cpp in Sources */ = {isa = PBXBuildFile; fileRef = 863C5C3D1FFB175100F6FA18 /* EditGraphPopup.cpp */; };
		863C5C421FFB179500F6FA18 /* QuickCloserPopup.cpp in Sources */ = {isa = PBXBuildFile; fileRef = 863C5C401FFB179500F6FA18 /* QuickCloserPopup.cpp */; };
		863C5C461FFB186C00F6FA18 /* ChooseFunctionPopup.cpp in Sources */ = {isa = PBXBuildFile; fileRef = 863C5C441FFB186C00F6FA18 /* ChooseFunctionPopup.cpp */; };
		863C5C491FFB18BF00F6FA18 /* ChooseInterpolationPopup.cpp in Sources */ = {isa = PBXBuildFile; fileRef = 863C5C471FFB18BF00F6FA18 /* ChooseInterpolationPopup.cpp */; };
		863C5C4C1FFB193900F6FA18 /* CreateSimpleInterpolation.cpp in Sources */ = {isa = PBXBuildFile; fileRef = 863C5C4A1FFB193800F6FA18 /* CreateSimpleInterpolation.cpp */; };
		863C5C4F1FFB19AB00F6FA18 /* CreateResizeInterpolation.cpp in Sources */ = {isa = PBXBuildFile; fileRef = 863C5C4D1FFB19AB00F6FA18 /* CreateResizeInterpolation.cpp */; };
		863C5C521FFB19F900F6FA18 /* EditFunctionPopup.cpp in Sources */ = {isa = PBXBuildFile; fileRef = 863C5C501FFB19F900F6FA18 /* EditFunctionPopup.cpp */; };
		863C5C571FFB1A9300F6FA18 /* ChooseFunctionInterpolation.cpp in Sources */ = {isa = PBXBuildFile; fileRef = 863C5C551FFB1A9300F6FA18 /* ChooseFunctionInterpolation.cpp */; };
		863C5C5A1FFB1AE400F6FA18 /* CreateFunctionRunInterpolation.cpp in Sources */ = {isa = PBXBuildFile; fileRef = 863C5C581FFB1AE400F6FA18 /* CreateFunctionRunInterpolation.cpp */; };
		863C5C5D1FFB1B1500F6FA18 /* CreatePointOfInterest.cpp in Sources */ = {isa = PBXBuildFile; fileRef = 863C5C5B1FFB1B1500F6FA18 /* CreatePointOfInterest.cpp */; };
		863C5C601FFB1B6A00F6FA18 /* CreateHighlightInterpolation.cpp in Sources */ = {isa = PBXBuildFile; fileRef = 863C5C5E1FFB1B6A00F6FA18 /* CreateHighlightInterpolation.cpp */; };
		863C5C631FFB1B9D00F6FA18 /* EditSliderPopup.cpp in Sources */ = {isa = PBXBuildFile; fileRef = 863C5C611FFB1B9D00F6FA18 /* EditSliderPopup.cpp */; };
		863C5C661FFB1BD600F6FA18 /* ChoosePointConcernedForLinkingPopup.cpp in Sources */ = {isa = PBXBuildFile; fileRef = 863C5C641FFB1BD600F6FA18 /* ChoosePointConcernedForLinkingPopup.cpp */; };
		863C5C691FFB1C0200F6FA18 /* ChooseWhichImagePopup.cpp in Sources */ = {isa = PBXBuildFile; fileRef = 863C5C671FFB1C0200F6FA18 /* ChooseWhichImagePopup.cpp */; };
		863C5C6C1FFB1C4B00F6FA18 /* EditImagePopup.cpp in Sources */ = {isa = PBXBuildFile; fileRef = 863C5C6A1FFB1C4B00F6FA18 /* EditImagePopup.cpp */; };
		863C5C6F1FFB1C6800F6FA18 /* EditTextPopup.cpp in Sources */ = {isa = PBXBuildFile; fileRef = 863C5C6D1FFB1C6800F6FA18 /* EditTextPopup.cpp */; };
		863C5C721FFB1C9E00F6FA18 /* LoadFilePopup.cpp in Sources */ = {isa = PBXBuildFile; fileRef = 863C5C701FFB1C9E00F6FA18 /* LoadFilePopup.cpp */; };
		863C5C751FFB1CCC00F6FA18 /* SaveFilePopup.cpp in Sources */ = {isa = PBXBuildFile; fileRef = 863C5C731FFB1CCC00F6FA18 /* SaveFilePopup.cpp */; };
		863C5C791FFB1D0C00F6FA18 /* MainDisplay.cpp in Sources */ = {isa = PBXBuildFile; fileRef = 863C5C771FFB1D0C00F6FA18 /* MainDisplay.cpp */; };
		86928C631FE125BF00CBB286 /* main.cpp in Sources */ = {isa = PBXBuildFile; fileRef = 86928C621FE125BF00CBB286 /* main.cpp */; };
		86928C6C1FE1260500CBB286 /* SDL2_ttf.framework in Frameworks */ = {isa = PBXBuildFile; fileRef = 86928C6A1FE1260500CBB286 /* SDL2_ttf.framework */; };
		86928C6D1FE1260500CBB286 /* SDL2.framework in Frameworks */ = {isa = PBXBuildFile; fileRef = 86928C6B1FE1260500CBB286 /* SDL2.framework */; };
		86928C731FE1319B00CBB286 /* RenderingUtilities.cpp in Sources */ = {isa = PBXBuildFile; fileRef = 86928C711FE1319B00CBB286 /* RenderingUtilities.cpp */; };
		86928C761FE2C73300CBB286 /* Popup.cpp in Sources */ = {isa = PBXBuildFile; fileRef = 86928C741FE2C73300CBB286 /* Popup.cpp */; };
		86928C791FE3225400CBB286 /* Functions.cpp in Sources */ = {isa = PBXBuildFile; fileRef = 86928C771FE3225400CBB286 /* Functions.cpp */; };
		86939E921FFC52000075EB39 /* SaverPopup.cpp in Sources */ = {isa = PBXBuildFile; fileRef = 86939E901FFC52000075EB39 /* SaverPopup.cpp */; };
		86939E951FFC52D30075EB39 /* SaveVideoPopup.cpp in Sources */ = {isa = PBXBuildFile; fileRef = 86939E931FFC52D30075EB39 /* SaveVideoPopup.cpp */; };
		86B40B731FFEB6810092BA4E /* DisplayObjects.cpp in Sources */ = {isa = PBXBuildFile; fileRef = 86B40B661FFEB6800092BA4E /* DisplayObjects.cpp */; };
		86B40B741FFEB6810092BA4E /* Graph.cpp in Sources */ = {isa = PBXBuildFile; fileRef = 86B40B681FFEB6800092BA4E /* Graph.cpp */; };
		86B40B751FFEB6810092BA4E /* Function.cpp in Sources */ = {isa = PBXBuildFile; fileRef = 86B40B6A1FFEB6800092BA4E /* Function.cpp */; };
		86B40B761FFEB6810092BA4E /* Interpolation.cpp in Sources */ = {isa = PBXBuildFile; fileRef = 86B40B6B1FFEB6800092BA4E /* Interpolation.cpp */; };
		86B40B771FFEB6810092BA4E /* RawText.cpp in Sources */ = {isa = PBXBuildFile; fileRef = 86B40B6C1FFEB6800092BA4E /* RawText.cpp */; };
		86B40B781FFEB6810092BA4E /* RawImage.cpp in Sources */ = {isa = PBXBuildFile; fileRef = 86B40B701FFEB6810092BA4E /* RawImage.cpp */; };
		86B40B791FFEB6810092BA4E /* Slider.cpp in Sources */ = {isa = PBXBuildFile; fileRef = 86B40B711FFEB6810092BA4E /* Slider.cpp */; };
/* End PBXBuildFile section */

/* Begin PBXCopyFilesBuildPhase section */
		86928C5D1FE125BF00CBB286 /* CopyFiles */ = {
			isa = PBXCopyFilesBuildPhase;
			buildActionMask = 12;
			dstPath = "";
			dstSubfolderSpec = 7;
			files = (
				863C5C151FF5834A00F6FA18 /* resources in CopyFiles */,
			);
			runOnlyForDeploymentPostprocessing = 0;
		};
/* End PBXCopyFilesBuildPhase section */

/* Begin PBXFileReference section */
		863C5C141FF5834A00F6FA18 /* resources */ = {isa = PBXFileReference; lastKnownFileType = folder; path = resources; sourceTree = "<group>"; };
		863C5C191FF6EB2700F6FA18 /* DisplayWrapper.cpp */ = {isa = PBXFileReference; lastKnownFileType = sourcecode.cpp.cpp; path = DisplayWrapper.cpp; sourceTree = "<group>"; };
		863C5C1A1FF6EB2700F6FA18 /* DisplayWrapper.hpp */ = {isa = PBXFileReference; lastKnownFileType = sourcecode.cpp.h; path = DisplayWrapper.hpp; sourceTree = "<group>"; };
		863C5C2F1FFB0BB500F6FA18 /* BulkUtilities.cpp */ = {isa = PBXFileReference; lastKnownFileType = sourcecode.cpp.cpp; path = BulkUtilities.cpp; sourceTree = "<group>"; };
		863C5C301FFB0BB500F6FA18 /* BulkUtilities.hpp */ = {isa = PBXFileReference; lastKnownFileType = sourcecode.cpp.h; path = BulkUtilities.hpp; sourceTree = "<group>"; };
		863C5C321FFB113500F6FA18 /* PopupWrapper.cpp */ = {isa = PBXFileReference; lastKnownFileType = sourcecode.cpp.cpp; path = PopupWrapper.cpp; sourceTree = "<group>"; };
		863C5C331FFB113600F6FA18 /* PopupWrapper.hpp */ = {isa = PBXFileReference; lastKnownFileType = sourcecode.cpp.h; path = PopupWrapper.hpp; sourceTree = "<group>"; };
		863C5C361FFB139900F6FA18 /* MajorPopup.cpp */ = {isa = PBXFileReference; lastKnownFileType = sourcecode.cpp.cpp; path = MajorPopup.cpp; sourceTree = "<group>"; };
		863C5C371FFB139900F6FA18 /* MajorPopup.hpp */ = {isa = PBXFileReference; lastKnownFileType = sourcecode.cpp.h; path = MajorPopup.hpp; sourceTree = "<group>"; };
		863C5C391FFB14A500F6FA18 /* AddObjectPopup.cpp */ = {isa = PBXFileReference; lastKnownFileType = sourcecode.cpp.cpp; path = AddObjectPopup.cpp; sourceTree = "<group>"; };
		863C5C3A1FFB14A500F6FA18 /* AddObjectPopup.hpp */ = {isa = PBXFileReference; lastKnownFileType = sourcecode.cpp.h; path = AddObjectPopup.hpp; sourceTree = "<group>"; };
		863C5C3D1FFB175100F6FA18 /* EditGraphPopup.cpp */ = {isa = PBXFileReference; lastKnownFileType = sourcecode.cpp.cpp; path = EditGraphPopup.cpp; sourceTree = "<group>"; };
		863C5C3E1FFB175100F6FA18 /* EditGraphPopup.hpp */ = {isa = PBXFileReference; lastKnownFileType = sourcecode.cpp.h; path = EditGraphPopup.hpp; sourceTree = "<group>"; };
		863C5C401FFB179500F6FA18 /* QuickCloserPopup.cpp */ = {isa = PBXFileReference; lastKnownFileType = sourcecode.cpp.cpp; path = QuickCloserPopup.cpp; sourceTree = "<group>"; };
		863C5C411FFB179500F6FA18 /* QuickCloserPopup.hpp */ = {isa = PBXFileReference; lastKnownFileType = sourcecode.cpp.h; path = QuickCloserPopup.hpp; sourceTree = "<group>"; };
		863C5C441FFB186C00F6FA18 /* ChooseFunctionPopup.cpp */ = {isa = PBXFileReference; lastKnownFileType = sourcecode.cpp.cpp; path = ChooseFunctionPopup.cpp; sourceTree = "<group>"; };
		863C5C451FFB186C00F6FA18 /* ChooseFunctionPopup.hpp */ = {isa = PBXFileReference; lastKnownFileType = sourcecode.cpp.h; path = ChooseFunctionPopup.hpp; sourceTree = "<group>"; };
		863C5C471FFB18BF00F6FA18 /* ChooseInterpolationPopup.cpp */ = {isa = PBXFileReference; lastKnownFileType = sourcecode.cpp.cpp; path = ChooseInterpolationPopup.cpp; sourceTree = "<group>"; };
		863C5C481FFB18BF00F6FA18 /* ChooseInterpolationPopup.hpp */ = {isa = PBXFileReference; lastKnownFileType = sourcecode.cpp.h; path = ChooseInterpolationPopup.hpp; sourceTree = "<group>"; };
		863C5C4A1FFB193800F6FA18 /* CreateSimpleInterpolation.cpp */ = {isa = PBXFileReference; lastKnownFileType = sourcecode.cpp.cpp; path = CreateSimpleInterpolation.cpp; sourceTree = "<group>"; };
		863C5C4B1FFB193900F6FA18 /* CreateSimpleInterpolation.hpp */ = {isa = PBXFileReference; lastKnownFileType = sourcecode.cpp.h; path = CreateSimpleInterpolation.hpp; sourceTree = "<group>"; };
		863C5C4D1FFB19AB00F6FA18 /* CreateResizeInterpolation.cpp */ = {isa = PBXFileReference; lastKnownFileType = sourcecode.cpp.cpp; path = CreateResizeInterpolation.cpp; sourceTree = "<group>"; };
		863C5C4E1FFB19AB00F6FA18 /* CreateResizeInterpolation.hpp */ = {isa = PBXFileReference; lastKnownFileType = sourcecode.cpp.h; path = CreateResizeInterpolation.hpp; sourceTree = "<group>"; };
		863C5C501FFB19F900F6FA18 /* EditFunctionPopup.cpp */ = {isa = PBXFileReference; lastKnownFileType = sourcecode.cpp.cpp; path = EditFunctionPopup.cpp; sourceTree = "<group>"; };
		863C5C511FFB19F900F6FA18 /* EditFunctionPopup.hpp */ = {isa = PBXFileReference; lastKnownFileType = sourcecode.cpp.h; path = EditFunctionPopup.hpp; sourceTree = "<group>"; };
		863C5C551FFB1A9300F6FA18 /* ChooseFunctionInterpolation.cpp */ = {isa = PBXFileReference; lastKnownFileType = sourcecode.cpp.cpp; path = ChooseFunctionInterpolation.cpp; sourceTree = "<group>"; };
		863C5C561FFB1A9300F6FA18 /* ChooseFunctionInterpolation.hpp */ = {isa = PBXFileReference; lastKnownFileType = sourcecode.cpp.h; path = ChooseFunctionInterpolation.hpp; sourceTree = "<group>"; };
		863C5C581FFB1AE400F6FA18 /* CreateFunctionRunInterpolation.cpp */ = {isa = PBXFileReference; lastKnownFileType = sourcecode.cpp.cpp; path = CreateFunctionRunInterpolation.cpp; sourceTree = "<group>"; };
		863C5C591FFB1AE400F6FA18 /* CreateFunctionRunInterpolation.hpp */ = {isa = PBXFileReference; lastKnownFileType = sourcecode.cpp.h; path = CreateFunctionRunInterpolation.hpp; sourceTree = "<group>"; };
		863C5C5B1FFB1B1500F6FA18 /* CreatePointOfInterest.cpp */ = {isa = PBXFileReference; lastKnownFileType = sourcecode.cpp.cpp; path = CreatePointOfInterest.cpp; sourceTree = "<group>"; };
		863C5C5C1FFB1B1500F6FA18 /* CreatePointOfInterest.hpp */ = {isa = PBXFileReference; lastKnownFileType = sourcecode.cpp.h; path = CreatePointOfInterest.hpp; sourceTree = "<group>"; };
		863C5C5E1FFB1B6A00F6FA18 /* CreateHighlightInterpolation.cpp */ = {isa = PBXFileReference; lastKnownFileType = sourcecode.cpp.cpp; path = CreateHighlightInterpolation.cpp; sourceTree = "<group>"; };
		863C5C5F1FFB1B6A00F6FA18 /* CreateHighlightInterpolation.hpp */ = {isa = PBXFileReference; lastKnownFileType = sourcecode.cpp.h; path = CreateHighlightInterpolation.hpp; sourceTree = "<group>"; };
		863C5C611FFB1B9D00F6FA18 /* EditSliderPopup.cpp */ = {isa = PBXFileReference; lastKnownFileType = sourcecode.cpp.cpp; path = EditSliderPopup.cpp; sourceTree = "<group>"; };
		863C5C621FFB1B9D00F6FA18 /* EditSliderPopup.hpp */ = {isa = PBXFileReference; lastKnownFileType = sourcecode.cpp.h; path = EditSliderPopup.hpp; sourceTree = "<group>"; };
		863C5C641FFB1BD600F6FA18 /* ChoosePointConcernedForLinkingPopup.cpp */ = {isa = PBXFileReference; lastKnownFileType = sourcecode.cpp.cpp; path = ChoosePointConcernedForLinkingPopup.cpp; sourceTree = "<group>"; };
		863C5C651FFB1BD600F6FA18 /* ChoosePointConcernedForLinkingPopup.hpp */ = {isa = PBXFileReference; lastKnownFileType = sourcecode.cpp.h; path = ChoosePointConcernedForLinkingPopup.hpp; sourceTree = "<group>"; };
		863C5C671FFB1C0200F6FA18 /* ChooseWhichImagePopup.cpp */ = {isa = PBXFileReference; lastKnownFileType = sourcecode.cpp.cpp; path = ChooseWhichImagePopup.cpp; sourceTree = "<group>"; };
		863C5C681FFB1C0200F6FA18 /* ChooseWhichImagePopup.hpp */ = {isa = PBXFileReference; lastKnownFileType = sourcecode.cpp.h; path = ChooseWhichImagePopup.hpp; sourceTree = "<group>"; };
		863C5C6A1FFB1C4B00F6FA18 /* EditImagePopup.cpp */ = {isa = PBXFileReference; lastKnownFileType = sourcecode.cpp.cpp; path = EditImagePopup.cpp; sourceTree = "<group>"; };
		863C5C6B1FFB1C4B00F6FA18 /* EditImagePopup.hpp */ = {isa = PBXFileReference; lastKnownFileType = sourcecode.cpp.h; path = EditImagePopup.hpp; sourceTree = "<group>"; };
		863C5C6D1FFB1C6800F6FA18 /* EditTextPopup.cpp */ = {isa = PBXFileReference; lastKnownFileType = sourcecode.cpp.cpp; path = EditTextPopup.cpp; sourceTree = "<group>"; };
		863C5C6E1FFB1C6800F6FA18 /* EditTextPopup.hpp */ = {isa = PBXFileReference; lastKnownFileType = sourcecode.cpp.h; path = EditTextPopup.hpp; sourceTree = "<group>"; };
		863C5C701FFB1C9E00F6FA18 /* LoadFilePopup.cpp */ = {isa = PBXFileReference; lastKnownFileType = sourcecode.cpp.cpp; path = LoadFilePopup.cpp; sourceTree = "<group>"; };
		863C5C711FFB1C9E00F6FA18 /* LoadFilePopup.hpp */ = {isa = PBXFileReference; lastKnownFileType = sourcecode.cpp.h; path = LoadFilePopup.hpp; sourceTree = "<group>"; };
		863C5C731FFB1CCC00F6FA18 /* SaveFilePopup.cpp */ = {isa = PBXFileReference; lastKnownFileType = sourcecode.cpp.cpp; path = SaveFilePopup.cpp; sourceTree = "<group>"; };
		863C5C741FFB1CCC00F6FA18 /* SaveFilePopup.hpp */ = {isa = PBXFileReference; lastKnownFileType = sourcecode.cpp.h; path = SaveFilePopup.hpp; sourceTree = "<group>"; };
		863C5C771FFB1D0C00F6FA18 /* MainDisplay.cpp */ = {isa = PBXFileReference; lastKnownFileType = sourcecode.cpp.cpp; path = MainDisplay.cpp; sourceTree = "<group>"; };
		863C5C781FFB1D0C00F6FA18 /* MainDisplay.hpp */ = {isa = PBXFileReference; lastKnownFileType = sourcecode.cpp.h; path = MainDisplay.hpp; sourceTree = "<group>"; };
		86928C5F1FE125BF00CBB286 /* MathGrapher */ = {isa = PBXFileReference; explicitFileType = "compiled.mach-o.executable"; includeInIndex = 0; path = MathGrapher; sourceTree = BUILT_PRODUCTS_DIR; };
		86928C621FE125BF00CBB286 /* main.cpp */ = {isa = PBXFileReference; lastKnownFileType = sourcecode.cpp.cpp; path = main.cpp; sourceTree = "<group>"; };
		86928C6A1FE1260500CBB286 /* SDL2_ttf.framework */ = {isa = PBXFileReference; lastKnownFileType = wrapper.framework; name = SDL2_ttf.framework; path = ../../../../Library/Frameworks/SDL2_ttf.framework; sourceTree = "<group>"; };
		86928C6B1FE1260500CBB286 /* SDL2.framework */ = {isa = PBXFileReference; lastKnownFileType = wrapper.framework; name = SDL2.framework; path = ../../../../Library/Frameworks/SDL2.framework; sourceTree = "<group>"; };
		86928C711FE1319B00CBB286 /* RenderingUtilities.cpp */ = {isa = PBXFileReference; lastKnownFileType = sourcecode.cpp.cpp; path = RenderingUtilities.cpp; sourceTree = "<group>"; };
		86928C721FE1319B00CBB286 /* RenderingUtilities.hpp */ = {isa = PBXFileReference; lastKnownFileType = sourcecode.cpp.h; path = RenderingUtilities.hpp; sourceTree = "<group>"; };
		86928C741FE2C73300CBB286 /* Popup.cpp */ = {isa = PBXFileReference; lastKnownFileType = sourcecode.cpp.cpp; path = Popup.cpp; sourceTree = "<group>"; };
		86928C751FE2C73300CBB286 /* Popup.hpp */ = {isa = PBXFileReference; lastKnownFileType = sourcecode.cpp.h; path = Popup.hpp; sourceTree = "<group>"; };
		86928C771FE3225400CBB286 /* Functions.cpp */ = {isa = PBXFileReference; lastKnownFileType = sourcecode.cpp.cpp; path = Functions.cpp; sourceTree = "<group>"; };
		86928C781FE3225400CBB286 /* Functions.hpp */ = {isa = PBXFileReference; lastKnownFileType = sourcecode.cpp.h; path = Functions.hpp; sourceTree = "<group>"; };
		86939E901FFC52000075EB39 /* SaverPopup.cpp */ = {isa = PBXFileReference; lastKnownFileType = sourcecode.cpp.cpp; path = SaverPopup.cpp; sourceTree = "<group>"; };
		86939E911FFC52000075EB39 /* SaverPopup.hpp */ = {isa = PBXFileReference; lastKnownFileType = sourcecode.cpp.h; path = SaverPopup.hpp; sourceTree = "<group>"; };
		86939E931FFC52D30075EB39 /* SaveVideoPopup.cpp */ = {isa = PBXFileReference; lastKnownFileType = sourcecode.cpp.cpp; path = SaveVideoPopup.cpp; sourceTree = "<group>"; };
		86939E941FFC52D30075EB39 /* SaveVideoPopup.hpp */ = {isa = PBXFileReference; lastKnownFileType = sourcecode.cpp.h; path = SaveVideoPopup.hpp; sourceTree = "<group>"; };
		86B40B651FFEB6800092BA4E /* Slider.hpp */ = {isa = PBXFileReference; fileEncoding = 4; lastKnownFileType = sourcecode.cpp.h; path = Slider.hpp; sourceTree = "<group>"; };
		86B40B661FFEB6800092BA4E /* DisplayObjects.cpp */ = {isa = PBXFileReference; fileEncoding = 4; lastKnownFileType = sourcecode.cpp.cpp; path = DisplayObjects.cpp; sourceTree = "<group>"; };
		86B40B671FFEB6800092BA4E /* Function.hpp */ = {isa = PBXFileReference; fileEncoding = 4; lastKnownFileType = sourcecode.cpp.h; path = Function.hpp; sourceTree = "<group>"; };
		86B40B681FFEB6800092BA4E /* Graph.cpp */ = {isa = PBXFileReference; fileEncoding = 4; lastKnownFileType = sourcecode.cpp.cpp; path = Graph.cpp; sourceTree = "<group>"; };
		86B40B691FFEB6800092BA4E /* DisplayObjects.hpp */ = {isa = PBXFileReference; fileEncoding = 4; lastKnownFileType = sourcecode.cpp.h; path = DisplayObjects.hpp; sourceTree = "<group>"; };
		86B40B6A1FFEB6800092BA4E /* Function.cpp */ = {isa = PBXFileReference; fileEncoding = 4; lastKnownFileType = sourcecode.cpp.cpp; path = Function.cpp; sourceTree = "<group>"; };
		86B40B6B1FFEB6800092BA4E /* Interpolation.cpp */ = {isa = PBXFileReference; fileEncoding = 4; lastKnownFileType = sourcecode.cpp.cpp; path = Interpolation.cpp; sourceTree = "<group>"; };
		86B40B6C1FFEB6800092BA4E /* RawText.cpp */ = {isa = PBXFileReference; fileEncoding = 4; lastKnownFileType = sourcecode.cpp.cpp; path = RawText.cpp; sourceTree = "<group>"; };
		86B40B6D1FFEB6800092BA4E /* Graph.hpp */ = {isa = PBXFileReference; fileEncoding = 4; lastKnownFileType = sourcecode.cpp.h; path = Graph.hpp; sourceTree = "<group>"; };
		86B40B6E1FFEB6810092BA4E /* Interpolation.hpp */ = {isa = PBXFileReference; fileEncoding = 4; lastKnownFileType = sourcecode.cpp.h; path = Interpolation.hpp; sourceTree = "<group>"; };
		86B40B6F1FFEB6810092BA4E /* RawImage.hpp */ = {isa = PBXFileReference; fileEncoding = 4; lastKnownFileType = sourcecode.cpp.h; path = RawImage.hpp; sourceTree = "<group>"; };
		86B40B701FFEB6810092BA4E /* RawImage.cpp */ = {isa = PBXFileReference; fileEncoding = 4; lastKnownFileType = sourcecode.cpp.cpp; path = RawImage.cpp; sourceTree = "<group>"; };
		86B40B711FFEB6810092BA4E /* Slider.cpp */ = {isa = PBXFileReference; fileEncoding = 4; lastKnownFileType = sourcecode.cpp.cpp; path = Slider.cpp; sourceTree = "<group>"; };
		86B40B721FFEB6810092BA4E /* RawText.hpp */ = {isa = PBXFileReference; fileEncoding = 4; lastKnownFileType = sourcecode.cpp.h; path = RawText.hpp; sourceTree = "<group>"; };
/* End PBXFileReference section */

/* Begin PBXFrameworksBuildPhase section */
		86928C5C1FE125BF00CBB286 /* Frameworks */ = {
			isa = PBXFrameworksBuildPhase;
			buildActionMask = 2147483647;
			files = (
				86928C6C1FE1260500CBB286 /* SDL2_ttf.framework in Frameworks */,
				86928C6D1FE1260500CBB286 /* SDL2.framework in Frameworks */,
			);
			runOnlyForDeploymentPostprocessing = 0;
		};
/* End PBXFrameworksBuildPhase section */

/* Begin PBXGroup section */
		863C5C351FFB113C00F6FA18 /* Popups */ = {
			isa = PBXGroup;
			children = (
				86928C741FE2C73300CBB286 /* Popup.cpp */,
				86928C751FE2C73300CBB286 /* Popup.hpp */,
				863C5C431FFB17EC00F6FA18 /* QuickCloserPopups */,
				863C5C3C1FFB165800F6FA18 /* MajorPopups */,
			);
			path = Popups;
			sourceTree = "<group>";
		};
		863C5C3C1FFB165800F6FA18 /* MajorPopups */ = {
			isa = PBXGroup;
			children = (
				863C5C361FFB139900F6FA18 /* MajorPopup.cpp */,
				863C5C371FFB139900F6FA18 /* MajorPopup.hpp */,
				863C5C771FFB1D0C00F6FA18 /* MainDisplay.cpp */,
				863C5C781FFB1D0C00F6FA18 /* MainDisplay.hpp */,
				86939E901FFC52000075EB39 /* SaverPopup.cpp */,
				86939E911FFC52000075EB39 /* SaverPopup.hpp */,
				86939E8F1FFC51E40075EB39 /* Savers */,
				863C5C761FFB1CEB00F6FA18 /* Edit */,
			);
			path = MajorPopups;
			sourceTree = "<group>";
		};
		863C5C431FFB17EC00F6FA18 /* QuickCloserPopups */ = {
			isa = PBXGroup;
			children = (
				863C5C401FFB179500F6FA18 /* QuickCloserPopup.cpp */,
				863C5C411FFB179500F6FA18 /* QuickCloserPopup.hpp */,
				863C5C541FFB1A5900F6FA18 /* CreateOrEdit */,
				863C5C531FFB1A2E00F6FA18 /* Select */,
			);
			path = QuickCloserPopups;
			sourceTree = "<group>";
		};
		863C5C531FFB1A2E00F6FA18 /* Select */ = {
			isa = PBXGroup;
			children = (
				863C5C391FFB14A500F6FA18 /* AddObjectPopup.cpp */,
				863C5C3A1FFB14A500F6FA18 /* AddObjectPopup.hpp */,
				863C5C441FFB186C00F6FA18 /* ChooseFunctionPopup.cpp */,
				863C5C451FFB186C00F6FA18 /* ChooseFunctionPopup.hpp */,
				863C5C471FFB18BF00F6FA18 /* ChooseInterpolationPopup.cpp */,
				863C5C481FFB18BF00F6FA18 /* ChooseInterpolationPopup.hpp */,
				863C5C551FFB1A9300F6FA18 /* ChooseFunctionInterpolation.cpp */,
				863C5C561FFB1A9300F6FA18 /* ChooseFunctionInterpolation.hpp */,
				863C5C641FFB1BD600F6FA18 /* ChoosePointConcernedForLinkingPopup.cpp */,
				863C5C651FFB1BD600F6FA18 /* ChoosePointConcernedForLinkingPopup.hpp */,
				863C5C671FFB1C0200F6FA18 /* ChooseWhichImagePopup.cpp */,
				863C5C681FFB1C0200F6FA18 /* ChooseWhichImagePopup.hpp */,
				863C5C701FFB1C9E00F6FA18 /* LoadFilePopup.cpp */,
				863C5C711FFB1C9E00F6FA18 /* LoadFilePopup.hpp */,
			);
			path = Select;
			sourceTree = "<group>";
		};
		863C5C541FFB1A5900F6FA18 /* CreateOrEdit */ = {
			isa = PBXGroup;
			children = (
				863C5C4A1FFB193800F6FA18 /* CreateSimpleInterpolation.cpp */,
				863C5C4B1FFB193900F6FA18 /* CreateSimpleInterpolation.hpp */,
				863C5C4D1FFB19AB00F6FA18 /* CreateResizeInterpolation.cpp */,
				863C5C4E1FFB19AB00F6FA18 /* CreateResizeInterpolation.hpp */,
				863C5C501FFB19F900F6FA18 /* EditFunctionPopup.cpp */,
				863C5C511FFB19F900F6FA18 /* EditFunctionPopup.hpp */,
				863C5C581FFB1AE400F6FA18 /* CreateFunctionRunInterpolation.cpp */,
				863C5C591FFB1AE400F6FA18 /* CreateFunctionRunInterpolation.hpp */,
				863C5C5B1FFB1B1500F6FA18 /* CreatePointOfInterest.cpp */,
				863C5C5C1FFB1B1500F6FA18 /* CreatePointOfInterest.hpp */,
				863C5C5E1FFB1B6A00F6FA18 /* CreateHighlightInterpolation.cpp */,
				863C5C5F1FFB1B6A00F6FA18 /* CreateHighlightInterpolation.hpp */,
			);
			path = CreateOrEdit;
			sourceTree = "<group>";
		};
		863C5C761FFB1CEB00F6FA18 /* Edit */ = {
			isa = PBXGroup;
			children = (
				863C5C3D1FFB175100F6FA18 /* EditGraphPopup.cpp */,
				863C5C3E1FFB175100F6FA18 /* EditGraphPopup.hpp */,
				863C5C611FFB1B9D00F6FA18 /* EditSliderPopup.cpp */,
				863C5C621FFB1B9D00F6FA18 /* EditSliderPopup.hpp */,
				863C5C6A1FFB1C4B00F6FA18 /* EditImagePopup.cpp */,
				863C5C6B1FFB1C4B00F6FA18 /* EditImagePopup.hpp */,
				863C5C6D1FFB1C6800F6FA18 /* EditTextPopup.cpp */,
				863C5C6E1FFB1C6800F6FA18 /* EditTextPopup.hpp */,
			);
			path = Edit;
			sourceTree = "<group>";
		};
		86928C561FE125BF00CBB286 = {
			isa = PBXGroup;
			children = (
				863C5C141FF5834A00F6FA18 /* resources */,
				86928C611FE125BF00CBB286 /* MathGrapher */,
				86928C601FE125BF00CBB286 /* Products */,
				86928C691FE1260500CBB286 /* Frameworks */,
			);
			sourceTree = "<group>";
		};
		86928C601FE125BF00CBB286 /* Products */ = {
			isa = PBXGroup;
			children = (
				86928C5F1FE125BF00CBB286 /* MathGrapher */,
			);
			name = Products;
			sourceTree = "<group>";
		};
		86928C611FE125BF00CBB286 /* MathGrapher */ = {
			isa = PBXGroup;
			children = (
				86928C711FE1319B00CBB286 /* RenderingUtilities.cpp */,
				86928C721FE1319B00CBB286 /* RenderingUtilities.hpp */,
				863C5C2F1FFB0BB500F6FA18 /* BulkUtilities.cpp */,
				863C5C301FFB0BB500F6FA18 /* BulkUtilities.hpp */,
				86B40B7A1FFEB68A0092BA4E /* DisplayObjectsFolder */,
				863C5C191FF6EB2700F6FA18 /* DisplayWrapper.cpp */,
				863C5C1A1FF6EB2700F6FA18 /* DisplayWrapper.hpp */,
				86928C771FE3225400CBB286 /* Functions.cpp */,
				86928C781FE3225400CBB286 /* Functions.hpp */,
				863C5C351FFB113C00F6FA18 /* Popups */,
				863C5C321FFB113500F6FA18 /* PopupWrapper.cpp */,
				863C5C331FFB113600F6FA18 /* PopupWrapper.hpp */,
				86928C621FE125BF00CBB286 /* main.cpp */,
			);
			path = MathGrapher;
			sourceTree = "<group>";
		};
		86928C691FE1260500CBB286 /* Frameworks */ = {
			isa = PBXGroup;
			children = (
				86928C6A1FE1260500CBB286 /* SDL2_ttf.framework */,
				86928C6B1FE1260500CBB286 /* SDL2.framework */,
			);
			name = Frameworks;
			sourceTree = "<group>";
		};
		86939E8F1FFC51E40075EB39 /* Savers */ = {
			isa = PBXGroup;
			children = (
				863C5C731FFB1CCC00F6FA18 /* SaveFilePopup.cpp */,
				863C5C741FFB1CCC00F6FA18 /* SaveFilePopup.hpp */,
				86939E931FFC52D30075EB39 /* SaveVideoPopup.cpp */,
				86939E941FFC52D30075EB39 /* SaveVideoPopup.hpp */,
			);
			path = Savers;
			sourceTree = "<group>";
		};
		86B40B7A1FFEB68A0092BA4E /* DisplayObjectsFolder */ = {
			isa = PBXGroup;
			children = (
				86B40B661FFEB6800092BA4E /* DisplayObjects.cpp */,
				86B40B691FFEB6800092BA4E /* DisplayObjects.hpp */,
				86B40B6A1FFEB6800092BA4E /* Function.cpp */,
				86B40B671FFEB6800092BA4E /* Function.hpp */,
				86B40B681FFEB6800092BA4E /* Graph.cpp */,
				86B40B6D1FFEB6800092BA4E /* Graph.hpp */,
				86B40B6B1FFEB6800092BA4E /* Interpolation.cpp */,
				86B40B6E1FFEB6810092BA4E /* Interpolation.hpp */,
				86B40B701FFEB6810092BA4E /* RawImage.cpp */,
				86B40B6F1FFEB6810092BA4E /* RawImage.hpp */,
				86B40B6C1FFEB6800092BA4E /* RawText.cpp */,
				86B40B721FFEB6810092BA4E /* RawText.hpp */,
				86B40B711FFEB6810092BA4E /* Slider.cpp */,
				86B40B651FFEB6800092BA4E /* Slider.hpp */,
			);
			path = DisplayObjectsFolder;
			sourceTree = "<group>";
		};
/* End PBXGroup section */

/* Begin PBXNativeTarget section */
		86928C5E1FE125BF00CBB286 /* MathGrapher */ = {
			isa = PBXNativeTarget;
			buildConfigurationList = 86928C661FE125BF00CBB286 /* Build configuration list for PBXNativeTarget "MathGrapher" */;
			buildPhases = (
				86928C5B1FE125BF00CBB286 /* Sources */,
				86928C5C1FE125BF00CBB286 /* Frameworks */,
				86928C5D1FE125BF00CBB286 /* CopyFiles */,
			);
			buildRules = (
			);
			dependencies = (
			);
			name = MathGrapher;
			productName = MathGrapher;
			productReference = 86928C5F1FE125BF00CBB286 /* MathGrapher */;
			productType = "com.apple.product-type.tool";
		};
/* End PBXNativeTarget section */

/* Begin PBXProject section */
		86928C571FE125BF00CBB286 /* Project object */ = {
			isa = PBXProject;
			attributes = {
				LastUpgradeCheck = 0910;
				ORGANIZATIONNAME = "Alliterative Anchovies";
				TargetAttributes = {
					86928C5E1FE125BF00CBB286 = {
						CreatedOnToolsVersion = 9.1;
						ProvisioningStyle = Automatic;
					};
				};
			};
			buildConfigurationList = 86928C5A1FE125BF00CBB286 /* Build configuration list for PBXProject "MathGrapher" */;
			compatibilityVersion = "Xcode 8.0";
			developmentRegion = en;
			hasScannedForEncodings = 0;
			knownRegions = (
				en,
			);
			mainGroup = 86928C561FE125BF00CBB286;
			productRefGroup = 86928C601FE125BF00CBB286 /* Products */;
			projectDirPath = "";
			projectRoot = "";
			targets = (
				86928C5E1FE125BF00CBB286 /* MathGrapher */,
			);
		};
/* End PBXProject section */

/* Begin PBXSourcesBuildPhase section */
		86928C5B1FE125BF00CBB286 /* Sources */ = {
			isa = PBXSourcesBuildPhase;
			buildActionMask = 2147483647;
			files = (
				86939E921FFC52000075EB39 /* SaverPopup.cpp in Sources */,
				86B40B791FFEB6810092BA4E /* Slider.cpp in Sources */,
				863C5C6F1FFB1C6800F6FA18 /* EditTextPopup.cpp in Sources */,
				86928C731FE1319B00CBB286 /* RenderingUtilities.cpp in Sources */,
				863C5C4F1FFB19AB00F6FA18 /* CreateResizeInterpolation.cpp in Sources */,
				863C5C341FFB113600F6FA18 /* PopupWrapper.cpp in Sources */,
				863C5C3F1FFB175100F6FA18 /* EditGraphPopup.cpp in Sources */,
				863C5C381FFB139900F6FA18 /* MajorPopup.cpp in Sources */,
				86928C791FE3225400CBB286 /* Functions.cpp in Sources */,
				863C5C5A1FFB1AE400F6FA18 /* CreateFunctionRunInterpolation.cpp in Sources */,
				863C5C751FFB1CCC00F6FA18 /* SaveFilePopup.cpp in Sources */,
				86B40B771FFEB6810092BA4E /* RawText.cpp in Sources */,
				863C5C461FFB186C00F6FA18 /* ChooseFunctionPopup.cpp in Sources */,
				863C5C691FFB1C0200F6FA18 /* ChooseWhichImagePopup.cpp in Sources */,
				86B40B741FFEB6810092BA4E /* Graph.cpp in Sources */,
				863C5C661FFB1BD600F6FA18 /* ChoosePointConcernedForLinkingPopup.cpp in Sources */,
				863C5C601FFB1B6A00F6FA18 /* CreateHighlightInterpolation.cpp in Sources */,
				863C5C3B1FFB14A500F6FA18 /* AddObjectPopup.cpp in Sources */,
				863C5C1B1FF6EB2700F6FA18 /* DisplayWrapper.cpp in Sources */,
				86B40B781FFEB6810092BA4E /* RawImage.cpp in Sources */,
				86B40B731FFEB6810092BA4E /* DisplayObjects.cpp in Sources */,
				86B40B761FFEB6810092BA4E /* Interpolation.cpp in Sources */,
				863C5C6C1FFB1C4B00F6FA18 /* EditImagePopup.cpp in Sources */,
				86928C761FE2C73300CBB286 /* Popup.cpp in Sources */,
				863C5C311FFB0BB500F6FA18 /* BulkUtilities.cpp in Sources */,
				863C5C631FFB1B9D00F6FA18 /* EditSliderPopup.cpp in Sources */,
				863C5C791FFB1D0C00F6FA18 /* MainDisplay.cpp in Sources */,
				86939E951FFC52D30075EB39 /* SaveVideoPopup.cpp in Sources */,
				86928C631FE125BF00CBB286 /* main.cpp in Sources */,
				863C5C5D1FFB1B1500F6FA18 /* CreatePointOfInterest.cpp in Sources */,
				863C5C721FFB1C9E00F6FA18 /* LoadFilePopup.cpp in Sources */,
				863C5C521FFB19F900F6FA18 /* EditFunctionPopup.cpp in Sources */,
				863C5C421FFB179500F6FA18 /* QuickCloserPopup.cpp in Sources */,
				863C5C491FFB18BF00F6FA18 /* ChooseInterpolationPopup.cpp in Sources */,
				863C5C4C1FFB193900F6FA18 /* CreateSimpleInterpolation.cpp in Sources */,
				86B40B751FFEB6810092BA4E /* Function.cpp in Sources */,
				863C5C571FFB1A9300F6FA18 /* ChooseFunctionInterpolation.cpp in Sources */,
			);
			runOnlyForDeploymentPostprocessing = 0;
		};
/* End PBXSourcesBuildPhase section */

/* Begin XCBuildConfiguration section */
		86928C641FE125BF00CBB286 /* Debug */ = {
			isa = XCBuildConfiguration;
			buildSettings = {
				ALWAYS_SEARCH_USER_PATHS = NO;
				CLANG_ANALYZER_NONNULL = YES;
				CLANG_ANALYZER_NUMBER_OBJECT_CONVERSION = YES_AGGRESSIVE;
				CLANG_CXX_LANGUAGE_STANDARD = "gnu++17";
				CLANG_CXX_LIBRARY = "libc++";
				CLANG_ENABLE_MODULES = YES;
				CLANG_ENABLE_OBJC_ARC = YES;
				CLANG_WARN_BLOCK_CAPTURE_AUTORELEASING = YES;
				CLANG_WARN_BOOL_CONVERSION = YES;
				CLANG_WARN_COMMA = YES;
				CLANG_WARN_CONSTANT_CONVERSION = YES;
				CLANG_WARN_DIRECT_OBJC_ISA_USAGE = YES_ERROR;
				CLANG_WARN_DOCUMENTATION_COMMENTS = YES;
				CLANG_WARN_EMPTY_BODY = YES;
				CLANG_WARN_ENUM_CONVERSION = YES;
				CLANG_WARN_INFINITE_RECURSION = YES;
				CLANG_WARN_INT_CONVERSION = YES;
				CLANG_WARN_NON_LITERAL_NULL_CONVERSION = YES;
				CLANG_WARN_OBJC_LITERAL_CONVERSION = YES;
				CLANG_WARN_OBJC_ROOT_CLASS = YES_ERROR;
				CLANG_WARN_RANGE_LOOP_ANALYSIS = YES;
				CLANG_WARN_STRICT_PROTOTYPES = YES;
				CLANG_WARN_SUSPICIOUS_MOVE = YES;
				CLANG_WARN_UNGUARDED_AVAILABILITY = YES_AGGRESSIVE;
				CLANG_WARN_UNREACHABLE_CODE = YES;
				CLANG_WARN__DUPLICATE_METHOD_MATCH = YES;
				CODE_SIGN_IDENTITY = "-";
				COPY_PHASE_STRIP = NO;
				DEBUG_INFORMATION_FORMAT = dwarf;
				ENABLE_STRICT_OBJC_MSGSEND = YES;
				ENABLE_TESTABILITY = YES;
				GCC_C_LANGUAGE_STANDARD = gnu11;
				GCC_DYNAMIC_NO_PIC = NO;
				GCC_NO_COMMON_BLOCKS = YES;
				GCC_OPTIMIZATION_LEVEL = 0;
				GCC_PREPROCESSOR_DEFINITIONS = (
					"DEBUG=1",
					"$(inherited)",
				);
				GCC_WARN_64_TO_32_BIT_CONVERSION = YES;
				GCC_WARN_ABOUT_RETURN_TYPE = YES_ERROR;
				GCC_WARN_UNDECLARED_SELECTOR = YES;
				GCC_WARN_UNINITIALIZED_AUTOS = YES_AGGRESSIVE;
				GCC_WARN_UNUSED_FUNCTION = YES;
				GCC_WARN_UNUSED_VARIABLE = YES;
				MACOSX_DEPLOYMENT_TARGET = 10.12;
				MTL_ENABLE_DEBUG_INFO = YES;
				ONLY_ACTIVE_ARCH = YES;
				SDKROOT = macosx;
			};
			name = Debug;
		};
		86928C651FE125BF00CBB286 /* Release */ = {
			isa = XCBuildConfiguration;
			buildSettings = {
				ALWAYS_SEARCH_USER_PATHS = NO;
				CLANG_ANALYZER_NONNULL = YES;
				CLANG_ANALYZER_NUMBER_OBJECT_CONVERSION = YES_AGGRESSIVE;
				CLANG_CXX_LANGUAGE_STANDARD = "gnu++17";
				CLANG_CXX_LIBRARY = "libc++";
				CLANG_ENABLE_MODULES = YES;
				CLANG_ENABLE_OBJC_ARC = YES;
				CLANG_WARN_BLOCK_CAPTURE_AUTORELEASING = YES;
				CLANG_WARN_BOOL_CONVERSION = YES;
				CLANG_WARN_COMMA = YES;
				CLANG_WARN_CONSTANT_CONVERSION = YES;
				CLANG_WARN_DIRECT_OBJC_ISA_USAGE = YES_ERROR;
				CLANG_WARN_DOCUMENTATION_COMMENTS = YES;
				CLANG_WARN_EMPTY_BODY = YES;
				CLANG_WARN_ENUM_CONVERSION = YES;
				CLANG_WARN_INFINITE_RECURSION = YES;
				CLANG_WARN_INT_CONVERSION = YES;
				CLANG_WARN_NON_LITERAL_NULL_CONVERSION = YES;
				CLANG_WARN_OBJC_LITERAL_CONVERSION = YES;
				CLANG_WARN_OBJC_ROOT_CLASS = YES_ERROR;
				CLANG_WARN_RANGE_LOOP_ANALYSIS = YES;
				CLANG_WARN_STRICT_PROTOTYPES = YES;
				CLANG_WARN_SUSPICIOUS_MOVE = YES;
				CLANG_WARN_UNGUARDED_AVAILABILITY = YES_AGGRESSIVE;
				CLANG_WARN_UNREACHABLE_CODE = YES;
				CLANG_WARN__DUPLICATE_METHOD_MATCH = YES;
				CODE_SIGN_IDENTITY = "-";
				COPY_PHASE_STRIP = NO;
				DEBUG_INFORMATION_FORMAT = "dwarf-with-dsym";
				ENABLE_NS_ASSERTIONS = NO;
				ENABLE_STRICT_OBJC_MSGSEND = YES;
				GCC_C_LANGUAGE_STANDARD = gnu11;
				GCC_NO_COMMON_BLOCKS = YES;
				GCC_WARN_64_TO_32_BIT_CONVERSION = YES;
				GCC_WARN_ABOUT_RETURN_TYPE = YES_ERROR;
				GCC_WARN_UNDECLARED_SELECTOR = YES;
				GCC_WARN_UNINITIALIZED_AUTOS = YES_AGGRESSIVE;
				GCC_WARN_UNUSED_FUNCTION = YES;
				GCC_WARN_UNUSED_VARIABLE = YES;
				MACOSX_DEPLOYMENT_TARGET = 10.12;
				MTL_ENABLE_DEBUG_INFO = NO;
				SDKROOT = macosx;
			};
			name = Release;
		};
		86928C671FE125BF00CBB286 /* Debug */ = {
			isa = XCBuildConfiguration;
			buildSettings = {
				CODE_SIGN_STYLE = Automatic;
				FRAMEWORK_SEARCH_PATHS = (
					"$(inherited)",
					"$(LOCAL_LIBRARY_DIR)/Frameworks",
				);
				PRODUCT_NAME = "$(TARGET_NAME)";
			};
			name = Debug;
		};
		86928C681FE125BF00CBB286 /* Release */ = {
			isa = XCBuildConfiguration;
			buildSettings = {
				CODE_SIGN_STYLE = Automatic;
				FRAMEWORK_SEARCH_PATHS = (
					"$(inherited)",
					"$(LOCAL_LIBRARY_DIR)/Frameworks",
				);
				PRODUCT_NAME = "$(TARGET_NAME)";
			};
			name = Release;
		};
/* End XCBuildConfiguration section */

/* Begin XCConfigurationList section */
		86928C5A1FE125BF00CBB286 /* Build configuration list for PBXProject "MathGrapher" */ = {
			isa = XCConfigurationList;
			buildConfigurations = (
				86928C641FE125BF00CBB286 /* Debug */,
				86928C651FE125BF00CBB286 /* Release */,
			);
			defaultConfigurationIsVisible = 0;
			defaultConfigurationName = Release;
		};
		86928C661FE125BF00CBB286 /* Build configuration list for PBXNativeTarget "MathGrapher" */ = {
			isa = XCConfigurationList;
			buildConfigurations = (
				86928C671FE125BF00CBB286 /* Debug */,
				86928C681FE125BF00CBB286 /* Release */,
			);
			defaultConfigurationIsVisible = 0;
			defaultConfigurationName = Release;
		};
/* End XCConfigurationList section */
	};
	rootObject = 86928C571FE125BF00CBB286 /* Project object */;
}
